PODS:
  - Alamofire (4.5.0)
  - AlamofireImage (3.3.0):
    - Alamofire (~> 4.5)
  - CodableAlamofire (1.1.0):
    - Alamofire (~> 4.0)

DEPENDENCIES:
  - Alamofire (~> 4.5)
  - AlamofireImage (~> 3.3)
  - CodableAlamofire (~> 1.1.0)

SPEC CHECKSUMS:
  Alamofire: f28cdffd29de33a7bfa022cbd63ae95a27fae140
  AlamofireImage: 2e784dc5d00f04903a52c1d169181469c805c3df
  CodableAlamofire: e2d2edcec7cf413f7862c30c8fa98eded27a83f9

PODFILE CHECKSUM: 6b18960aeb7034762c82fa0868b89535e596f622

COCOAPODS: 1.4.0
