// !$*UTF8*$!
{
	archiveVersion = 1;
	classes = {
	};
	objectVersion = 48;
	objects = {

/* Begin PBXBuildFile section */
		4912BD5A7E430F7B1D735D07 /* libPods-SuperheroAppTests.a in Frameworks */ = {isa = PBXBuildFile; fileRef = 794E77DE8B3ADB054BA84B49 /* libPods-SuperheroAppTests.a */; };
		4BF3BB3E2018F96000D29ACD /* AppDelegate.m in Sources */ = {isa = PBXBuildFile; fileRef = 4BF3BB3D2018F96000D29ACD /* AppDelegate.m */; };
		4BF3BB412018F96000D29ACD /* MasterViewController.m in Sources */ = {isa = PBXBuildFile; fileRef = 4BF3BB402018F96000D29ACD /* MasterViewController.m */; };
		4BF3BB442018F96000D29ACD /* DetailViewController.m in Sources */ = {isa = PBXBuildFile; fileRef = 4BF3BB432018F96000D29ACD /* DetailViewController.m */; };
		4BF3BB472018F96000D29ACD /* Main.storyboard in Resources */ = {isa = PBXBuildFile; fileRef = 4BF3BB452018F96000D29ACD /* Main.storyboard */; };
		4BF3BB492018F96000D29ACD /* Assets.xcassets in Resources */ = {isa = PBXBuildFile; fileRef = 4BF3BB482018F96000D29ACD /* Assets.xcassets */; };
		4BF3BB4C2018F96000D29ACD /* LaunchScreen.storyboard in Resources */ = {isa = PBXBuildFile; fileRef = 4BF3BB4A2018F96000D29ACD /* LaunchScreen.storyboard */; };
		4BF3BB4F2018F96000D29ACD /* main.m in Sources */ = {isa = PBXBuildFile; fileRef = 4BF3BB4E2018F96000D29ACD /* main.m */; };
		4BF3BB592018F96000D29ACD /* SuperheroAppTests.m in Sources */ = {isa = PBXBuildFile; fileRef = 4BF3BB582018F96000D29ACD /* SuperheroAppTests.m */; };
		BF8B4EC520276E5000535D2A /* UseCase.m in Sources */ = {isa = PBXBuildFile; fileRef = BF8B4EC420276E5000535D2A /* UseCase.m */; };
		BF8B4ECC202774D100535D2A /* UseCaseHandler.m in Sources */ = {isa = PBXBuildFile; fileRef = BF8B4ECB202774D100535D2A /* UseCaseHandler.m */; };
		BF8B4ED020277F3500535D2A /* UseCaseNSOperationSheduler.m in Sources */ = {isa = PBXBuildFile; fileRef = BF8B4ECF20277F3500535D2A /* UseCaseNSOperationSheduler.m */; };
		FC4B0910E6DDE813891928C5 /* libPods-SuperheroApp.a in Frameworks */ = {isa = PBXBuildFile; fileRef = 8CBB08FFDFF9258099A85860 /* libPods-SuperheroApp.a */; };
/* End PBXBuildFile section */

/* Begin PBXContainerItemProxy section */
		4BF3BB552018F96000D29ACD /* PBXContainerItemProxy */ = {
			isa = PBXContainerItemProxy;
			containerPortal = 4BF3BB312018F96000D29ACD /* Project object */;
			proxyType = 1;
			remoteGlobalIDString = 4BF3BB382018F96000D29ACD;
			remoteInfo = SuperheroApp;
		};
/* End PBXContainerItemProxy section */

/* Begin PBXFileReference section */
		4BF3BB392018F96000D29ACD /* SuperheroApp.app */ = {isa = PBXFileReference; explicitFileType = wrapper.application; includeInIndex = 0; path = SuperheroApp.app; sourceTree = BUILT_PRODUCTS_DIR; };
		4BF3BB3C2018F96000D29ACD /* AppDelegate.h */ = {isa = PBXFileReference; lastKnownFileType = sourcecode.c.h; path = AppDelegate.h; sourceTree = "<group>"; };
		4BF3BB3D2018F96000D29ACD /* AppDelegate.m */ = {isa = PBXFileReference; lastKnownFileType = sourcecode.c.objc; path = AppDelegate.m; sourceTree = "<group>"; };
		4BF3BB3F2018F96000D29ACD /* MasterViewController.h */ = {isa = PBXFileReference; lastKnownFileType = sourcecode.c.h; path = MasterViewController.h; sourceTree = "<group>"; };
		4BF3BB402018F96000D29ACD /* MasterViewController.m */ = {isa = PBXFileReference; lastKnownFileType = sourcecode.c.objc; path = MasterViewController.m; sourceTree = "<group>"; };
		4BF3BB422018F96000D29ACD /* DetailViewController.h */ = {isa = PBXFileReference; lastKnownFileType = sourcecode.c.h; path = DetailViewController.h; sourceTree = "<group>"; };
		4BF3BB432018F96000D29ACD /* DetailViewController.m */ = {isa = PBXFileReference; lastKnownFileType = sourcecode.c.objc; path = DetailViewController.m; sourceTree = "<group>"; };
		4BF3BB462018F96000D29ACD /* Base */ = {isa = PBXFileReference; lastKnownFileType = file.storyboard; name = Base; path = Base.lproj/Main.storyboard; sourceTree = "<group>"; };
		4BF3BB482018F96000D29ACD /* Assets.xcassets */ = {isa = PBXFileReference; lastKnownFileType = folder.assetcatalog; path = Assets.xcassets; sourceTree = "<group>"; };
		4BF3BB4B2018F96000D29ACD /* Base */ = {isa = PBXFileReference; lastKnownFileType = file.storyboard; name = Base; path = Base.lproj/LaunchScreen.storyboard; sourceTree = "<group>"; };
		4BF3BB4D2018F96000D29ACD /* Info.plist */ = {isa = PBXFileReference; lastKnownFileType = text.plist.xml; path = Info.plist; sourceTree = "<group>"; };
		4BF3BB4E2018F96000D29ACD /* main.m */ = {isa = PBXFileReference; lastKnownFileType = sourcecode.c.objc; path = main.m; sourceTree = "<group>"; };
		4BF3BB542018F96000D29ACD /* SuperheroAppTests.xctest */ = {isa = PBXFileReference; explicitFileType = wrapper.cfbundle; includeInIndex = 0; path = SuperheroAppTests.xctest; sourceTree = BUILT_PRODUCTS_DIR; };
		4BF3BB582018F96000D29ACD /* SuperheroAppTests.m */ = {isa = PBXFileReference; lastKnownFileType = sourcecode.c.objc; path = SuperheroAppTests.m; sourceTree = "<group>"; };
		4BF3BB5A2018F96000D29ACD /* Info.plist */ = {isa = PBXFileReference; lastKnownFileType = text.plist.xml; path = Info.plist; sourceTree = "<group>"; };
		5A91779401C86451BD998981 /* Pods-SuperheroApp.release.xcconfig */ = {isa = PBXFileReference; includeInIndex = 1; lastKnownFileType = text.xcconfig; name = "Pods-SuperheroApp.release.xcconfig"; path = "Pods/Target Support Files/Pods-SuperheroApp/Pods-SuperheroApp.release.xcconfig"; sourceTree = "<group>"; };
		5DC2E903EF51E215D890CC8A /* Pods-SuperheroAppTests.debug.xcconfig */ = {isa = PBXFileReference; includeInIndex = 1; lastKnownFileType = text.xcconfig; name = "Pods-SuperheroAppTests.debug.xcconfig"; path = "Pods/Target Support Files/Pods-SuperheroAppTests/Pods-SuperheroAppTests.debug.xcconfig"; sourceTree = "<group>"; };
		794E77DE8B3ADB054BA84B49 /* libPods-SuperheroAppTests.a */ = {isa = PBXFileReference; explicitFileType = archive.ar; includeInIndex = 0; path = "libPods-SuperheroAppTests.a"; sourceTree = BUILT_PRODUCTS_DIR; };
		8CBB08FFDFF9258099A85860 /* libPods-SuperheroApp.a */ = {isa = PBXFileReference; explicitFileType = archive.ar; includeInIndex = 0; path = "libPods-SuperheroApp.a"; sourceTree = BUILT_PRODUCTS_DIR; };
		B4F5CBFF7709BBD386FC17E2 /* Pods-SuperheroApp.debug.xcconfig */ = {isa = PBXFileReference; includeInIndex = 1; lastKnownFileType = text.xcconfig; name = "Pods-SuperheroApp.debug.xcconfig"; path = "Pods/Target Support Files/Pods-SuperheroApp/Pods-SuperheroApp.debug.xcconfig"; sourceTree = "<group>"; };
		BF8B4EC120276D8900535D2A /* UseCase.h */ = {isa = PBXFileReference; lastKnownFileType = sourcecode.c.h; path = UseCase.h; sourceTree = "<group>"; };
		BF8B4EC420276E5000535D2A /* UseCase.m */ = {isa = PBXFileReference; fileEncoding = 4; lastKnownFileType = sourcecode.c.objc; path = UseCase.m; sourceTree = "<group>"; };
		BF8B4EC620276FB300535D2A /* UseCaseRequest.h */ = {isa = PBXFileReference; lastKnownFileType = sourcecode.c.h; path = UseCaseRequest.h; sourceTree = "<group>"; };
		BF8B4EC720276FFB00535D2A /* UseCaseResponse.h */ = {isa = PBXFileReference; lastKnownFileType = sourcecode.c.h; path = UseCaseResponse.h; sourceTree = "<group>"; };
		BF8B4EC82027709B00535D2A /* UseCaseDelegate.h */ = {isa = PBXFileReference; lastKnownFileType = sourcecode.c.h; path = UseCaseDelegate.h; sourceTree = "<group>"; };
		BF8B4ECA202774D100535D2A /* UseCaseHandler.h */ = {isa = PBXFileReference; lastKnownFileType = sourcecode.c.h; path = UseCaseHandler.h; sourceTree = "<group>"; };
		BF8B4ECB202774D100535D2A /* UseCaseHandler.m */ = {isa = PBXFileReference; lastKnownFileType = sourcecode.c.objc; path = UseCaseHandler.m; sourceTree = "<group>"; };
		BF8B4ECD202774F200535D2A /* UseCaseScheduler.h */ = {isa = PBXFileReference; lastKnownFileType = sourcecode.c.h; path = UseCaseScheduler.h; sourceTree = "<group>"; };
		BF8B4ECE20277F3500535D2A /* UseCaseNSOperationSheduler.h */ = {isa = PBXFileReference; lastKnownFileType = sourcecode.c.h; path = UseCaseNSOperationSheduler.h; sourceTree = "<group>"; };
		BF8B4ECF20277F3500535D2A /* UseCaseNSOperationSheduler.m */ = {isa = PBXFileReference; lastKnownFileType = sourcecode.c.objc; path = UseCaseNSOperationSheduler.m; sourceTree = "<group>"; };
		DD0AE907199022185B78E530 /* Pods-SuperheroAppTests.release.xcconfig */ = {isa = PBXFileReference; includeInIndex = 1; lastKnownFileType = text.xcconfig; name = "Pods-SuperheroAppTests.release.xcconfig"; path = "Pods/Target Support Files/Pods-SuperheroAppTests/Pods-SuperheroAppTests.release.xcconfig"; sourceTree = "<group>"; };
/* End PBXFileReference section */

/* Begin PBXFrameworksBuildPhase section */
		4BF3BB362018F96000D29ACD /* Frameworks */ = {
			isa = PBXFrameworksBuildPhase;
			buildActionMask = 2147483647;
			files = (
				FC4B0910E6DDE813891928C5 /* libPods-SuperheroApp.a in Frameworks */,
			);
			runOnlyForDeploymentPostprocessing = 0;
		};
		4BF3BB512018F96000D29ACD /* Frameworks */ = {
			isa = PBXFrameworksBuildPhase;
			buildActionMask = 2147483647;
			files = (
				4912BD5A7E430F7B1D735D07 /* libPods-SuperheroAppTests.a in Frameworks */,
			);
			runOnlyForDeploymentPostprocessing = 0;
		};
/* End PBXFrameworksBuildPhase section */

/* Begin PBXGroup section */
		4BF3BB302018F96000D29ACD = {
			isa = PBXGroup;
			children = (
				4BF3BB3B2018F96000D29ACD /* SuperheroApp */,
				4BF3BB572018F96000D29ACD /* SuperheroAppTests */,
				4BF3BB3A2018F96000D29ACD /* Products */,
				F1F37F5D72522DA8B20B2838 /* Pods */,
				E2F349F481FF8C7B8CBDAEE4 /* Frameworks */,
			);
			sourceTree = "<group>";
		};
		4BF3BB3A2018F96000D29ACD /* Products */ = {
			isa = PBXGroup;
			children = (
				4BF3BB392018F96000D29ACD /* SuperheroApp.app */,
				4BF3BB542018F96000D29ACD /* SuperheroAppTests.xctest */,
			);
			name = Products;
			sourceTree = "<group>";
		};
		4BF3BB3B2018F96000D29ACD /* SuperheroApp */ = {
			isa = PBXGroup;
			children = (
				4BF3BB3C2018F96000D29ACD /* AppDelegate.h */,
				4BF3BB3D2018F96000D29ACD /* AppDelegate.m */,
				4BF3BB3F2018F96000D29ACD /* MasterViewController.h */,
				4BF3BB402018F96000D29ACD /* MasterViewController.m */,
				4BF3BB422018F96000D29ACD /* DetailViewController.h */,
				4BF3BB432018F96000D29ACD /* DetailViewController.m */,
				BF8B4EC620276FB300535D2A /* UseCaseRequest.h */,
				BF8B4EC720276FFB00535D2A /* UseCaseResponse.h */,
				BF8B4EC82027709B00535D2A /* UseCaseDelegate.h */,
				BF8B4EC120276D8900535D2A /* UseCase.h */,
				BF8B4EC420276E5000535D2A /* UseCase.m */,
				BF8B4ECA202774D100535D2A /* UseCaseHandler.h */,
				BF8B4ECB202774D100535D2A /* UseCaseHandler.m */,
				BF8B4ECD202774F200535D2A /* UseCaseScheduler.h */,
				BF8B4ECE20277F3500535D2A /* UseCaseNSOperationSheduler.h */,
				BF8B4ECF20277F3500535D2A /* UseCaseNSOperationSheduler.m */,
				4BF3BB452018F96000D29ACD /* Main.storyboard */,
				4BF3BB482018F96000D29ACD /* Assets.xcassets */,
				4BF3BB4A2018F96000D29ACD /* LaunchScreen.storyboard */,
				4BF3BB4D2018F96000D29ACD /* Info.plist */,
				4BF3BB4E2018F96000D29ACD /* main.m */,
			);
			path = SuperheroApp;
			sourceTree = "<group>";
		};
		4BF3BB572018F96000D29ACD /* SuperheroAppTests */ = {
			isa = PBXGroup;
			children = (
				4BF3BB582018F96000D29ACD /* SuperheroAppTests.m */,
				4BF3BB5A2018F96000D29ACD /* Info.plist */,
			);
			path = SuperheroAppTests;
			sourceTree = "<group>";
		};
		E2F349F481FF8C7B8CBDAEE4 /* Frameworks */ = {
			isa = PBXGroup;
			children = (
				8CBB08FFDFF9258099A85860 /* libPods-SuperheroApp.a */,
				794E77DE8B3ADB054BA84B49 /* libPods-SuperheroAppTests.a */,
			);
			name = Frameworks;
			sourceTree = "<group>";
		};
		F1F37F5D72522DA8B20B2838 /* Pods */ = {
			isa = PBXGroup;
			children = (
				B4F5CBFF7709BBD386FC17E2 /* Pods-SuperheroApp.debug.xcconfig */,
				5A91779401C86451BD998981 /* Pods-SuperheroApp.release.xcconfig */,
				5DC2E903EF51E215D890CC8A /* Pods-SuperheroAppTests.debug.xcconfig */,
				DD0AE907199022185B78E530 /* Pods-SuperheroAppTests.release.xcconfig */,
			);
			name = Pods;
			sourceTree = "<group>";
		};
/* End PBXGroup section */

/* Begin PBXNativeTarget section */
		4BF3BB382018F96000D29ACD /* SuperheroApp */ = {
			isa = PBXNativeTarget;
			buildConfigurationList = 4BF3BB5D2018F96000D29ACD /* Build configuration list for PBXNativeTarget "SuperheroApp" */;
			buildPhases = (
				4AE95A941E32A172B72A9C65 /* [CP] Check Pods Manifest.lock */,
				4BF3BB352018F96000D29ACD /* Sources */,
				4BF3BB362018F96000D29ACD /* Frameworks */,
				4BF3BB372018F96000D29ACD /* Resources */,
				F8084480264CD2D629880B54 /* [CP] Embed Pods Frameworks */,
				4615E28441B301EB2EAE5E68 /* [CP] Copy Pods Resources */,
			);
			buildRules = (
			);
			dependencies = (
			);
			name = SuperheroApp;
			productName = SuperheroApp;
			productReference = 4BF3BB392018F96000D29ACD /* SuperheroApp.app */;
			productType = "com.apple.product-type.application";
		};
		4BF3BB532018F96000D29ACD /* SuperheroAppTests */ = {
			isa = PBXNativeTarget;
			buildConfigurationList = 4BF3BB602018F96000D29ACD /* Build configuration list for PBXNativeTarget "SuperheroAppTests" */;
			buildPhases = (
				53C59323BCED4D1599DDFF9A /* [CP] Check Pods Manifest.lock */,
				4BF3BB502018F96000D29ACD /* Sources */,
				4BF3BB512018F96000D29ACD /* Frameworks */,
				4BF3BB522018F96000D29ACD /* Resources */,
				20C0ECCBF89A81F285127066 /* [CP] Embed Pods Frameworks */,
				3DC765973A650EA228C7E187 /* [CP] Copy Pods Resources */,
			);
			buildRules = (
			);
			dependencies = (
				4BF3BB562018F96000D29ACD /* PBXTargetDependency */,
			);
			name = SuperheroAppTests;
			productName = SuperheroAppTests;
			productReference = 4BF3BB542018F96000D29ACD /* SuperheroAppTests.xctest */;
			productType = "com.apple.product-type.bundle.unit-test";
		};
/* End PBXNativeTarget section */

/* Begin PBXProject section */
		4BF3BB312018F96000D29ACD /* Project object */ = {
			isa = PBXProject;
			attributes = {
				LastUpgradeCheck = 0920;
				ORGANIZATIONNAME = W.UP;
				TargetAttributes = {
					4BF3BB382018F96000D29ACD = {
						CreatedOnToolsVersion = 9.2;
						ProvisioningStyle = Automatic;
					};
					4BF3BB532018F96000D29ACD = {
						CreatedOnToolsVersion = 9.2;
						ProvisioningStyle = Automatic;
						TestTargetID = 4BF3BB382018F96000D29ACD;
					};
				};
			};
			buildConfigurationList = 4BF3BB342018F96000D29ACD /* Build configuration list for PBXProject "SuperheroApp" */;
			compatibilityVersion = "Xcode 8.0";
			developmentRegion = en;
			hasScannedForEncodings = 0;
			knownRegions = (
				en,
				Base,
			);
			mainGroup = 4BF3BB302018F96000D29ACD;
			productRefGroup = 4BF3BB3A2018F96000D29ACD /* Products */;
			projectDirPath = "";
			projectRoot = "";
			targets = (
				4BF3BB382018F96000D29ACD /* SuperheroApp */,
				4BF3BB532018F96000D29ACD /* SuperheroAppTests */,
			);
		};
/* End PBXProject section */

/* Begin PBXResourcesBuildPhase section */
		4BF3BB372018F96000D29ACD /* Resources */ = {
			isa = PBXResourcesBuildPhase;
			buildActionMask = 2147483647;
			files = (
				4BF3BB4C2018F96000D29ACD /* LaunchScreen.storyboard in Resources */,
				4BF3BB492018F96000D29ACD /* Assets.xcassets in Resources */,
				4BF3BB472018F96000D29ACD /* Main.storyboard in Resources */,
			);
			runOnlyForDeploymentPostprocessing = 0;
		};
		4BF3BB522018F96000D29ACD /* Resources */ = {
			isa = PBXResourcesBuildPhase;
			buildActionMask = 2147483647;
			files = (
			);
			runOnlyForDeploymentPostprocessing = 0;
		};
/* End PBXResourcesBuildPhase section */

/* Begin PBXShellScriptBuildPhase section */
		20C0ECCBF89A81F285127066 /* [CP] Embed Pods Frameworks */ = {
			isa = PBXShellScriptBuildPhase;
			buildActionMask = 2147483647;
			files = (
			);
			inputPaths = (
			);
			name = "[CP] Embed Pods Frameworks";
			outputPaths = (
			);
			runOnlyForDeploymentPostprocessing = 0;
			shellPath = /bin/sh;
			shellScript = "\"${SRCROOT}/Pods/Target Support Files/Pods-SuperheroAppTests/Pods-SuperheroAppTests-frameworks.sh\"\n";
			showEnvVarsInLog = 0;
		};
		3DC765973A650EA228C7E187 /* [CP] Copy Pods Resources */ = {
			isa = PBXShellScriptBuildPhase;
			buildActionMask = 2147483647;
			files = (
			);
			inputPaths = (
			);
			name = "[CP] Copy Pods Resources";
			outputPaths = (
			);
			runOnlyForDeploymentPostprocessing = 0;
			shellPath = /bin/sh;
			shellScript = "\"${SRCROOT}/Pods/Target Support Files/Pods-SuperheroAppTests/Pods-SuperheroAppTests-resources.sh\"\n";
			showEnvVarsInLog = 0;
		};
		4615E28441B301EB2EAE5E68 /* [CP] Copy Pods Resources */ = {
			isa = PBXShellScriptBuildPhase;
			buildActionMask = 2147483647;
			files = (
			);
			inputPaths = (
			);
			name = "[CP] Copy Pods Resources";
			outputPaths = (
			);
			runOnlyForDeploymentPostprocessing = 0;
			shellPath = /bin/sh;
			shellScript = "\"${SRCROOT}/Pods/Target Support Files/Pods-SuperheroApp/Pods-SuperheroApp-resources.sh\"\n";
			showEnvVarsInLog = 0;
		};
		4AE95A941E32A172B72A9C65 /* [CP] Check Pods Manifest.lock */ = {
			isa = PBXShellScriptBuildPhase;
			buildActionMask = 2147483647;
			files = (
			);
			inputPaths = (
				"${PODS_PODFILE_DIR_PATH}/Podfile.lock",
				"${PODS_ROOT}/Manifest.lock",
			);
			name = "[CP] Check Pods Manifest.lock";
			outputPaths = (
				"$(DERIVED_FILE_DIR)/Pods-SuperheroApp-checkManifestLockResult.txt",
			);
			runOnlyForDeploymentPostprocessing = 0;
			shellPath = /bin/sh;
			shellScript = "diff \"${PODS_PODFILE_DIR_PATH}/Podfile.lock\" \"${PODS_ROOT}/Manifest.lock\" > /dev/null\nif [ $? != 0 ] ; then\n    # print error to STDERR\n    echo \"error: The sandbox is not in sync with the Podfile.lock. Run 'pod install' or update your CocoaPods installation.\" >&2\n    exit 1\nfi\n# This output is used by Xcode 'outputs' to avoid re-running this script phase.\necho \"SUCCESS\" > \"${SCRIPT_OUTPUT_FILE_0}\"\n";
			showEnvVarsInLog = 0;
		};
		53C59323BCED4D1599DDFF9A /* [CP] Check Pods Manifest.lock */ = {
			isa = PBXShellScriptBuildPhase;
			buildActionMask = 2147483647;
			files = (
			);
			inputPaths = (
				"${PODS_PODFILE_DIR_PATH}/Podfile.lock",
				"${PODS_ROOT}/Manifest.lock",
			);
			name = "[CP] Check Pods Manifest.lock";
			outputPaths = (
				"$(DERIVED_FILE_DIR)/Pods-SuperheroAppTests-checkManifestLockResult.txt",
			);
			runOnlyForDeploymentPostprocessing = 0;
			shellPath = /bin/sh;
			shellScript = "diff \"${PODS_PODFILE_DIR_PATH}/Podfile.lock\" \"${PODS_ROOT}/Manifest.lock\" > /dev/null\nif [ $? != 0 ] ; then\n    # print error to STDERR\n    echo \"error: The sandbox is not in sync with the Podfile.lock. Run 'pod install' or update your CocoaPods installation.\" >&2\n    exit 1\nfi\n# This output is used by Xcode 'outputs' to avoid re-running this script phase.\necho \"SUCCESS\" > \"${SCRIPT_OUTPUT_FILE_0}\"\n";
			showEnvVarsInLog = 0;
		};
		F8084480264CD2D629880B54 /* [CP] Embed Pods Frameworks */ = {
			isa = PBXShellScriptBuildPhase;
			buildActionMask = 2147483647;
			files = (
			);
			inputPaths = (
			);
			name = "[CP] Embed Pods Frameworks";
			outputPaths = (
			);
			runOnlyForDeploymentPostprocessing = 0;
			shellPath = /bin/sh;
			shellScript = "\"${SRCROOT}/Pods/Target Support Files/Pods-SuperheroApp/Pods-SuperheroApp-frameworks.sh\"\n";
			showEnvVarsInLog = 0;
		};
/* End PBXShellScriptBuildPhase section */

/* Begin PBXSourcesBuildPhase section */
		4BF3BB352018F96000D29ACD /* Sources */ = {
			isa = PBXSourcesBuildPhase;
			buildActionMask = 2147483647;
			files = (
				4BF3BB412018F96000D29ACD /* MasterViewController.m in Sources */,
				4BF3BB3E2018F96000D29ACD /* AppDelegate.m in Sources */,
				4BF3BB4F2018F96000D29ACD /* main.m in Sources */,
				4BF3BB442018F96000D29ACD /* DetailViewController.m in Sources */,
				BF8B4ED020277F3500535D2A /* UseCaseNSOperationSheduler.m in Sources */,
				BF8B4ECC202774D100535D2A /* UseCaseHandler.m in Sources */,
				BF8B4EC520276E5000535D2A /* UseCase.m in Sources */,
			);
			runOnlyForDeploymentPostprocessing = 0;
		};
		4BF3BB502018F96000D29ACD /* Sources */ = {
			isa = PBXSourcesBuildPhase;
			buildActionMask = 2147483647;
			files = (
				4BF3BB592018F96000D29ACD /* SuperheroAppTests.m in Sources */,
			);
			runOnlyForDeploymentPostprocessing = 0;
		};
/* End PBXSourcesBuildPhase section */

/* Begin PBXTargetDependency section */
		4BF3BB562018F96000D29ACD /* PBXTargetDependency */ = {
			isa = PBXTargetDependency;
			target = 4BF3BB382018F96000D29ACD /* SuperheroApp */;
			targetProxy = 4BF3BB552018F96000D29ACD /* PBXContainerItemProxy */;
		};
/* End PBXTargetDependency section */

/* Begin PBXVariantGroup section */
		4BF3BB452018F96000D29ACD /* Main.storyboard */ = {
			isa = PBXVariantGroup;
			children = (
				4BF3BB462018F96000D29ACD /* Base */,
			);
			name = Main.storyboard;
			sourceTree = "<group>";
		};
		4BF3BB4A2018F96000D29ACD /* LaunchScreen.storyboard */ = {
			isa = PBXVariantGroup;
			children = (
				4BF3BB4B2018F96000D29ACD /* Base */,
			);
			name = LaunchScreen.storyboard;
			sourceTree = "<group>";
		};
/* End PBXVariantGroup section */

/* Begin XCBuildConfiguration section */
		4BF3BB5B2018F96000D29ACD /* Debug */ = {
			isa = XCBuildConfiguration;
			buildSettings = {
				ALWAYS_SEARCH_USER_PATHS = NO;
				CLANG_ANALYZER_NONNULL = YES;
				CLANG_ANALYZER_NUMBER_OBJECT_CONVERSION = YES_AGGRESSIVE;
				CLANG_CXX_LANGUAGE_STANDARD = "gnu++14";
				CLANG_CXX_LIBRARY = "libc++";
				CLANG_ENABLE_MODULES = YES;
				CLANG_ENABLE_OBJC_ARC = YES;
				CLANG_WARN_BLOCK_CAPTURE_AUTORELEASING = YES;
				CLANG_WARN_BOOL_CONVERSION = YES;
				CLANG_WARN_COMMA = YES;
				CLANG_WARN_CONSTANT_CONVERSION = YES;
				CLANG_WARN_DIRECT_OBJC_ISA_USAGE = YES_ERROR;
				CLANG_WARN_DOCUMENTATION_COMMENTS = YES;
				CLANG_WARN_EMPTY_BODY = YES;
				CLANG_WARN_ENUM_CONVERSION = YES;
				CLANG_WARN_INFINITE_RECURSION = YES;
				CLANG_WARN_INT_CONVERSION = YES;
				CLANG_WARN_NON_LITERAL_NULL_CONVERSION = YES;
				CLANG_WARN_OBJC_LITERAL_CONVERSION = YES;
				CLANG_WARN_OBJC_ROOT_CLASS = YES_ERROR;
				CLANG_WARN_RANGE_LOOP_ANALYSIS = YES;
				CLANG_WARN_STRICT_PROTOTYPES = YES;
				CLANG_WARN_SUSPICIOUS_MOVE = YES;
				CLANG_WARN_UNGUARDED_AVAILABILITY = YES_AGGRESSIVE;
				CLANG_WARN_UNREACHABLE_CODE = YES;
				CLANG_WARN__DUPLICATE_METHOD_MATCH = YES;
				CODE_SIGN_IDENTITY = "iPhone Developer";
				COPY_PHASE_STRIP = NO;
				DEBUG_INFORMATION_FORMAT = dwarf;
				ENABLE_STRICT_OBJC_MSGSEND = YES;
				ENABLE_TESTABILITY = YES;
				GCC_C_LANGUAGE_STANDARD = gnu11;
				GCC_DYNAMIC_NO_PIC = NO;
				GCC_NO_COMMON_BLOCKS = YES;
				GCC_OPTIMIZATION_LEVEL = 0;
				GCC_PREPROCESSOR_DEFINITIONS = (
					"DEBUG=1",
					"$(inherited)",
				);
				GCC_WARN_64_TO_32_BIT_CONVERSION = YES;
				GCC_WARN_ABOUT_RETURN_TYPE = YES_ERROR;
				GCC_WARN_UNDECLARED_SELECTOR = YES;
				GCC_WARN_UNINITIALIZED_AUTOS = YES_AGGRESSIVE;
				GCC_WARN_UNUSED_FUNCTION = YES;
				GCC_WARN_UNUSED_VARIABLE = YES;
				IPHONEOS_DEPLOYMENT_TARGET = 11.2;
				MTL_ENABLE_DEBUG_INFO = YES;
				ONLY_ACTIVE_ARCH = YES;
				SDKROOT = iphoneos;
			};
			name = Debug;
		};
		4BF3BB5C2018F96000D29ACD /* Release */ = {
			isa = XCBuildConfiguration;
			buildSettings = {
				ALWAYS_SEARCH_USER_PATHS = NO;
				CLANG_ANALYZER_NONNULL = YES;
				CLANG_ANALYZER_NUMBER_OBJECT_CONVERSION = YES_AGGRESSIVE;
				CLANG_CXX_LANGUAGE_STANDARD = "gnu++14";
				CLANG_CXX_LIBRARY = "libc++";
				CLANG_ENABLE_MODULES = YES;
				CLANG_ENABLE_OBJC_ARC = YES;
				CLANG_WARN_BLOCK_CAPTURE_AUTORELEASING = YES;
				CLANG_WARN_BOOL_CONVERSION = YES;
				CLANG_WARN_COMMA = YES;
				CLANG_WARN_CONSTANT_CONVERSION = YES;
				CLANG_WARN_DIRECT_OBJC_ISA_USAGE = YES_ERROR;
				CLANG_WARN_DOCUMENTATION_COMMENTS = YES;
				CLANG_WARN_EMPTY_BODY = YES;
				CLANG_WARN_ENUM_CONVERSION = YES;
				CLANG_WARN_INFINITE_RECURSION = YES;
				CLANG_WARN_INT_CONVERSION = YES;
				CLANG_WARN_NON_LITERAL_NULL_CONVERSION = YES;
				CLANG_WARN_OBJC_LITERAL_CONVERSION = YES;
				CLANG_WARN_OBJC_ROOT_CLASS = YES_ERROR;
				CLANG_WARN_RANGE_LOOP_ANALYSIS = YES;
				CLANG_WARN_STRICT_PROTOTYPES = YES;
				CLANG_WARN_SUSPICIOUS_MOVE = YES;
				CLANG_WARN_UNGUARDED_AVAILABILITY = YES_AGGRESSIVE;
				CLANG_WARN_UNREACHABLE_CODE = YES;
				CLANG_WARN__DUPLICATE_METHOD_MATCH = YES;
				CODE_SIGN_IDENTITY = "iPhone Developer";
				COPY_PHASE_STRIP = NO;
				DEBUG_INFORMATION_FORMAT = "dwarf-with-dsym";
				ENABLE_NS_ASSERTIONS = NO;
				ENABLE_STRICT_OBJC_MSGSEND = YES;
				GCC_C_LANGUAGE_STANDARD = gnu11;
				GCC_NO_COMMON_BLOCKS = YES;
				GCC_WARN_64_TO_32_BIT_CONVERSION = YES;
				GCC_WARN_ABOUT_RETURN_TYPE = YES_ERROR;
				GCC_WARN_UNDECLARED_SELECTOR = YES;
				GCC_WARN_UNINITIALIZED_AUTOS = YES_AGGRESSIVE;
				GCC_WARN_UNUSED_FUNCTION = YES;
				GCC_WARN_UNUSED_VARIABLE = YES;
				IPHONEOS_DEPLOYMENT_TARGET = 11.2;
				MTL_ENABLE_DEBUG_INFO = NO;
				SDKROOT = iphoneos;
				VALIDATE_PRODUCT = YES;
			};
			name = Release;
		};
		4BF3BB5E2018F96000D29ACD /* Debug */ = {
			isa = XCBuildConfiguration;
			baseConfigurationReference = B4F5CBFF7709BBD386FC17E2 /* Pods-SuperheroApp.debug.xcconfig */;
			buildSettings = {
				ASSETCATALOG_COMPILER_APPICON_NAME = AppIcon;
				CODE_SIGN_STYLE = Automatic;
				DEVELOPMENT_TEAM = P79WKA4KXJ;
				INFOPLIST_FILE = SuperheroApp/Info.plist;
				LD_RUNPATH_SEARCH_PATHS = "$(inherited) @executable_path/Frameworks";
				PRODUCT_BUNDLE_IDENTIFIER = digital.wup.SuperheroApp;
				PRODUCT_NAME = "$(TARGET_NAME)";
				TARGETED_DEVICE_FAMILY = "1,2";
			};
			name = Debug;
		};
		4BF3BB5F2018F96000D29ACD /* Release */ = {
			isa = XCBuildConfiguration;
			baseConfigurationReference = 5A91779401C86451BD998981 /* Pods-SuperheroApp.release.xcconfig */;
			buildSettings = {
				ASSETCATALOG_COMPILER_APPICON_NAME = AppIcon;
				CODE_SIGN_STYLE = Automatic;
				DEVELOPMENT_TEAM = P79WKA4KXJ;
				INFOPLIST_FILE = SuperheroApp/Info.plist;
				LD_RUNPATH_SEARCH_PATHS = "$(inherited) @executable_path/Frameworks";
				PRODUCT_BUNDLE_IDENTIFIER = digital.wup.SuperheroApp;
				PRODUCT_NAME = "$(TARGET_NAME)";
				TARGETED_DEVICE_FAMILY = "1,2";
			};
			name = Release;
		};
		4BF3BB612018F96000D29ACD /* Debug */ = {
			isa = XCBuildConfiguration;
			baseConfigurationReference = 5DC2E903EF51E215D890CC8A /* Pods-SuperheroAppTests.debug.xcconfig */;
			buildSettings = {
				BUNDLE_LOADER = "$(TEST_HOST)";
				CODE_SIGN_STYLE = Automatic;
				DEVELOPMENT_TEAM = P79WKA4KXJ;
				INFOPLIST_FILE = SuperheroAppTests/Info.plist;
				LD_RUNPATH_SEARCH_PATHS = "$(inherited) @executable_path/Frameworks @loader_path/Frameworks";
				PRODUCT_BUNDLE_IDENTIFIER = digital.wup.SuperheroAppTests;
				PRODUCT_NAME = "$(TARGET_NAME)";
				TARGETED_DEVICE_FAMILY = "1,2";
				TEST_HOST = "$(BUILT_PRODUCTS_DIR)/SuperheroApp.app/SuperheroApp";
			};
			name = Debug;
		};
		4BF3BB622018F96000D29ACD /* Release */ = {
			isa = XCBuildConfiguration;
			baseConfigurationReference = DD0AE907199022185B78E530 /* Pods-SuperheroAppTests.release.xcconfig */;
			buildSettings = {
				BUNDLE_LOADER = "$(TEST_HOST)";
				CODE_SIGN_STYLE = Automatic;
				DEVELOPMENT_TEAM = P79WKA4KXJ;
				INFOPLIST_FILE = SuperheroAppTests/Info.plist;
				LD_RUNPATH_SEARCH_PATHS = "$(inherited) @executable_path/Frameworks @loader_path/Frameworks";
				PRODUCT_BUNDLE_IDENTIFIER = digital.wup.SuperheroAppTests;
				PRODUCT_NAME = "$(TARGET_NAME)";
				TARGETED_DEVICE_FAMILY = "1,2";
				TEST_HOST = "$(BUILT_PRODUCTS_DIR)/SuperheroApp.app/SuperheroApp";
			};
			name = Release;
		};
/* End XCBuildConfiguration section */

/* Begin XCConfigurationList section */
		4BF3BB342018F96000D29ACD /* Build configuration list for PBXProject "SuperheroApp" */ = {
			isa = XCConfigurationList;
			buildConfigurations = (
				4BF3BB5B2018F96000D29ACD /* Debug */,
				4BF3BB5C2018F96000D29ACD /* Release */,
			);
			defaultConfigurationIsVisible = 0;
			defaultConfigurationName = Release;
		};
		4BF3BB5D2018F96000D29ACD /* Build configuration list for PBXNativeTarget "SuperheroApp" */ = {
			isa = XCConfigurationList;
			buildConfigurations = (
				4BF3BB5E2018F96000D29ACD /* Debug */,
				4BF3BB5F2018F96000D29ACD /* Release */,
			);
			defaultConfigurationIsVisible = 0;
			defaultConfigurationName = Release;
		};
		4BF3BB602018F96000D29ACD /* Build configuration list for PBXNativeTarget "SuperheroAppTests" */ = {
			isa = XCConfigurationList;
			buildConfigurations = (
				4BF3BB612018F96000D29ACD /* Debug */,
				4BF3BB622018F96000D29ACD /* Release */,
			);
			defaultConfigurationIsVisible = 0;
			defaultConfigurationName = Release;
		};
/* End XCConfigurationList section */
	};
	rootObject = 4BF3BB312018F96000D29ACD /* Project object */;
}
