// !$*UTF8*$!
{
	archiveVersion = 1;
	classes = {
	};
	objectVersion = 48;
	objects = {

/* Begin PBXBuildFile section */
		4BF3BB412018F96000D29ACD /* CharactersViewController.m in Sources */ = {isa = PBXBuildFile; fileRef = 4BF3BB402018F96000D29ACD /* CharactersViewController.m */; };
		4BF3BB442018F96000D29ACD /* CharacterDetailViewController.m in Sources */ = {isa = PBXBuildFile; fileRef = 4BF3BB432018F96000D29ACD /* CharacterDetailViewController.m */; };
		4BF3BB472018F96000D29ACD /* Main.storyboard in Resources */ = {isa = PBXBuildFile; fileRef = 4BF3BB452018F96000D29ACD /* Main.storyboard */; };
		4BF3BB492018F96000D29ACD /* Assets.xcassets in Resources */ = {isa = PBXBuildFile; fileRef = 4BF3BB482018F96000D29ACD /* Assets.xcassets */; };
		4BF3BB4C2018F96000D29ACD /* LaunchScreen.storyboard in Resources */ = {isa = PBXBuildFile; fileRef = 4BF3BB4A2018F96000D29ACD /* LaunchScreen.storyboard */; };
		4BF3BB592018F96000D29ACD /* SuperheroAppTests.m in Sources */ = {isa = PBXBuildFile; fileRef = 4BF3BB582018F96000D29ACD /* SuperheroAppTests.m */; };
		A586CFC580AF89AF061C6F31 /* Pods_SuperheroApp.framework in Frameworks */ = {isa = PBXBuildFile; fileRef = A19131AA314287FAF159CB6A /* Pods_SuperheroApp.framework */; };
		A6EC39AA02210F6BFA4D5257 /* Pods_SuperheroAppTests.framework in Frameworks */ = {isa = PBXBuildFile; fileRef = BCBCFF907C65363EDD1DA792 /* Pods_SuperheroAppTests.framework */; };
		BF630D5C202CF8810079EDA2 /* Page.m in Sources */ = {isa = PBXBuildFile; fileRef = BF630D5B202CF8810079EDA2 /* Page.m */; };
		BF65F9ED202E10D30096B42C /* CharacterDetailPresenter.m in Sources */ = {isa = PBXBuildFile; fileRef = BF65F9EC202E10D30096B42C /* CharacterDetailPresenter.m */; };
		BF65F9F1202EF3490096B42C /* GetCharacterUseCase.m in Sources */ = {isa = PBXBuildFile; fileRef = BF65F9F0202EF3490096B42C /* GetCharacterUseCase.m */; };
		BF6E87CE2030BBFF0056D276 /* AppDelegate.swift in Sources */ = {isa = PBXBuildFile; fileRef = BF6E87CD2030BBFF0056D276 /* AppDelegate.swift */; };
		BF8B4EC520276E5000535D2A /* UseCase.m in Sources */ = {isa = PBXBuildFile; fileRef = BF8B4EC420276E5000535D2A /* UseCase.m */; };
		BF8B4ECC202774D100535D2A /* UseCaseHandler.m in Sources */ = {isa = PBXBuildFile; fileRef = BF8B4ECB202774D100535D2A /* UseCaseHandler.m */; };
		BF8B4ED020277F3500535D2A /* UseCaseNSOperationSheduler.m in Sources */ = {isa = PBXBuildFile; fileRef = BF8B4ECF20277F3500535D2A /* UseCaseNSOperationSheduler.m */; };
		BF8B4EDA20278D2E00535D2A /* Character.m in Sources */ = {isa = PBXBuildFile; fileRef = BF8B4ED920278D2E00535D2A /* Character.m */; };
		BF8B4EE22027922D00535D2A /* CharactersLocalDataSource.m in Sources */ = {isa = PBXBuildFile; fileRef = BF8B4EE12027922D00535D2A /* CharactersLocalDataSource.m */; };
		BF8B4EE82027933700535D2A /* CharactersRemoteDataSource.m in Sources */ = {isa = PBXBuildFile; fileRef = BF8B4EE72027933700535D2A /* CharactersRemoteDataSource.m */; };
		BF8B4EEB2027937B00535D2A /* CharactersRepository.m in Sources */ = {isa = PBXBuildFile; fileRef = BF8B4EEA2027937B00535D2A /* CharactersRepository.m */; };
		BF8B4EEF2027952D00535D2A /* CharactersUseCase.m in Sources */ = {isa = PBXBuildFile; fileRef = BF8B4EEE2027952D00535D2A /* CharactersUseCase.m */; };
		BF8B4EF22027A10D00535D2A /* CharacterModel.xcdatamodeld in Sources */ = {isa = PBXBuildFile; fileRef = BF8B4EF02027A10D00535D2A /* CharacterModel.xcdatamodeld */; };
		BF8B4EF42027A7E300535D2A /* CoreData.framework in Frameworks */ = {isa = PBXBuildFile; fileRef = BF8B4EF32027A7E300535D2A /* CoreData.framework */; };
		BF8B4EF62027A7EF00535D2A /* Foundation.framework in Frameworks */ = {isa = PBXBuildFile; fileRef = BF8B4EF52027A7EF00535D2A /* Foundation.framework */; };
		BF8B4EF82027A81F00535D2A /* UIKit.framework in Frameworks */ = {isa = PBXBuildFile; fileRef = BF8B4EF72027A81F00535D2A /* UIKit.framework */; };
		BF8B4EFB2027BB3400535D2A /* CharactersPresenter.m in Sources */ = {isa = PBXBuildFile; fileRef = BF8B4EFA2027BB3400535D2A /* CharactersPresenter.m */; };
		BFB07A5B202CF023008D7564 /* NSString+MD5.m in Sources */ = {isa = PBXBuildFile; fileRef = BFB07A5A202CF023008D7564 /* NSString+MD5.m */; };
/* End PBXBuildFile section */

/* Begin PBXContainerItemProxy section */
		4BF3BB552018F96000D29ACD /* PBXContainerItemProxy */ = {
			isa = PBXContainerItemProxy;
			containerPortal = 4BF3BB312018F96000D29ACD /* Project object */;
			proxyType = 1;
			remoteGlobalIDString = 4BF3BB382018F96000D29ACD;
			remoteInfo = SuperheroApp;
		};
/* End PBXContainerItemProxy section */

/* Begin PBXFileReference section */
		4BF3BB392018F96000D29ACD /* SuperheroApp.app */ = {isa = PBXFileReference; explicitFileType = wrapper.application; includeInIndex = 0; path = SuperheroApp.app; sourceTree = BUILT_PRODUCTS_DIR; };
		4BF3BB3F2018F96000D29ACD /* CharactersViewController.h */ = {isa = PBXFileReference; lastKnownFileType = sourcecode.c.h; path = CharactersViewController.h; sourceTree = "<group>"; };
		4BF3BB402018F96000D29ACD /* CharactersViewController.m */ = {isa = PBXFileReference; lastKnownFileType = sourcecode.c.objc; path = CharactersViewController.m; sourceTree = "<group>"; };
		4BF3BB422018F96000D29ACD /* CharacterDetailViewController.h */ = {isa = PBXFileReference; lastKnownFileType = sourcecode.c.h; path = CharacterDetailViewController.h; sourceTree = "<group>"; };
		4BF3BB432018F96000D29ACD /* CharacterDetailViewController.m */ = {isa = PBXFileReference; lastKnownFileType = sourcecode.c.objc; path = CharacterDetailViewController.m; sourceTree = "<group>"; };
		4BF3BB462018F96000D29ACD /* Base */ = {isa = PBXFileReference; lastKnownFileType = file.storyboard; name = Base; path = Base.lproj/Main.storyboard; sourceTree = "<group>"; };
		4BF3BB482018F96000D29ACD /* Assets.xcassets */ = {isa = PBXFileReference; lastKnownFileType = folder.assetcatalog; path = Assets.xcassets; sourceTree = "<group>"; };
		4BF3BB4B2018F96000D29ACD /* Base */ = {isa = PBXFileReference; lastKnownFileType = file.storyboard; name = Base; path = Base.lproj/LaunchScreen.storyboard; sourceTree = "<group>"; };
		4BF3BB4D2018F96000D29ACD /* Info.plist */ = {isa = PBXFileReference; lastKnownFileType = text.plist.xml; path = Info.plist; sourceTree = "<group>"; };
		4BF3BB542018F96000D29ACD /* SuperheroAppTests.xctest */ = {isa = PBXFileReference; explicitFileType = wrapper.cfbundle; includeInIndex = 0; path = SuperheroAppTests.xctest; sourceTree = BUILT_PRODUCTS_DIR; };
		4BF3BB582018F96000D29ACD /* SuperheroAppTests.m */ = {isa = PBXFileReference; lastKnownFileType = sourcecode.c.objc; path = SuperheroAppTests.m; sourceTree = "<group>"; };
		4BF3BB5A2018F96000D29ACD /* Info.plist */ = {isa = PBXFileReference; lastKnownFileType = text.plist.xml; path = Info.plist; sourceTree = "<group>"; };
		5A91779401C86451BD998981 /* Pods-SuperheroApp.release.xcconfig */ = {isa = PBXFileReference; includeInIndex = 1; lastKnownFileType = text.xcconfig; name = "Pods-SuperheroApp.release.xcconfig"; path = "Pods/Target Support Files/Pods-SuperheroApp/Pods-SuperheroApp.release.xcconfig"; sourceTree = "<group>"; };
		5DC2E903EF51E215D890CC8A /* Pods-SuperheroAppTests.debug.xcconfig */ = {isa = PBXFileReference; includeInIndex = 1; lastKnownFileType = text.xcconfig; name = "Pods-SuperheroAppTests.debug.xcconfig"; path = "Pods/Target Support Files/Pods-SuperheroAppTests/Pods-SuperheroAppTests.debug.xcconfig"; sourceTree = "<group>"; };
		A19131AA314287FAF159CB6A /* Pods_SuperheroApp.framework */ = {isa = PBXFileReference; explicitFileType = wrapper.framework; includeInIndex = 0; path = Pods_SuperheroApp.framework; sourceTree = BUILT_PRODUCTS_DIR; };
		B4F5CBFF7709BBD386FC17E2 /* Pods-SuperheroApp.debug.xcconfig */ = {isa = PBXFileReference; includeInIndex = 1; lastKnownFileType = text.xcconfig; name = "Pods-SuperheroApp.debug.xcconfig"; path = "Pods/Target Support Files/Pods-SuperheroApp/Pods-SuperheroApp.debug.xcconfig"; sourceTree = "<group>"; };
		BCBCFF907C65363EDD1DA792 /* Pods_SuperheroAppTests.framework */ = {isa = PBXFileReference; explicitFileType = wrapper.framework; includeInIndex = 0; path = Pods_SuperheroAppTests.framework; sourceTree = BUILT_PRODUCTS_DIR; };
		BF03D3B1202F7D8900F8A16D /* README.md */ = {isa = PBXFileReference; fileEncoding = 4; lastKnownFileType = net.daringfireball.markdown; path = README.md; sourceTree = "<group>"; };
		BF256000202F6FEC00DB93DC /* .travis.yml */ = {isa = PBXFileReference; lastKnownFileType = text; path = .travis.yml; sourceTree = "<group>"; };
		BF630D5A202CF8810079EDA2 /* Page.h */ = {isa = PBXFileReference; lastKnownFileType = sourcecode.c.h; path = Page.h; sourceTree = "<group>"; };
		BF630D5B202CF8810079EDA2 /* Page.m */ = {isa = PBXFileReference; lastKnownFileType = sourcecode.c.objc; path = Page.m; sourceTree = "<group>"; };
		BF65F9EA202E0E7E0096B42C /* CharacterDetailContract.h */ = {isa = PBXFileReference; lastKnownFileType = sourcecode.c.h; path = CharacterDetailContract.h; sourceTree = "<group>"; };
		BF65F9EB202E10D30096B42C /* CharacterDetailPresenter.h */ = {isa = PBXFileReference; lastKnownFileType = sourcecode.c.h; path = CharacterDetailPresenter.h; sourceTree = "<group>"; };
		BF65F9EC202E10D30096B42C /* CharacterDetailPresenter.m */ = {isa = PBXFileReference; lastKnownFileType = sourcecode.c.objc; path = CharacterDetailPresenter.m; sourceTree = "<group>"; };
		BF65F9EF202EF3490096B42C /* GetCharacterUseCase.h */ = {isa = PBXFileReference; lastKnownFileType = sourcecode.c.h; path = GetCharacterUseCase.h; sourceTree = "<group>"; };
		BF65F9F0202EF3490096B42C /* GetCharacterUseCase.m */ = {isa = PBXFileReference; lastKnownFileType = sourcecode.c.objc; path = GetCharacterUseCase.m; sourceTree = "<group>"; };
		BF6E87CC2030BBFE0056D276 /* SuperheroApp-Bridging-Header.h */ = {isa = PBXFileReference; lastKnownFileType = sourcecode.c.h; path = "SuperheroApp-Bridging-Header.h"; sourceTree = "<group>"; };
		BF6E87CD2030BBFF0056D276 /* AppDelegate.swift */ = {isa = PBXFileReference; lastKnownFileType = sourcecode.swift; path = AppDelegate.swift; sourceTree = "<group>"; };
		BF8B4EC120276D8900535D2A /* UseCase.h */ = {isa = PBXFileReference; lastKnownFileType = sourcecode.c.h; path = UseCase.h; sourceTree = "<group>"; };
		BF8B4EC420276E5000535D2A /* UseCase.m */ = {isa = PBXFileReference; fileEncoding = 4; lastKnownFileType = sourcecode.c.objc; path = UseCase.m; sourceTree = "<group>"; };
		BF8B4EC620276FB300535D2A /* UseCaseRequest.h */ = {isa = PBXFileReference; lastKnownFileType = sourcecode.c.h; path = UseCaseRequest.h; sourceTree = "<group>"; };
		BF8B4EC720276FFB00535D2A /* UseCaseResponse.h */ = {isa = PBXFileReference; lastKnownFileType = sourcecode.c.h; path = UseCaseResponse.h; sourceTree = "<group>"; };
		BF8B4EC82027709B00535D2A /* UseCaseDelegate.h */ = {isa = PBXFileReference; lastKnownFileType = sourcecode.c.h; path = UseCaseDelegate.h; sourceTree = "<group>"; };
		BF8B4ECA202774D100535D2A /* UseCaseHandler.h */ = {isa = PBXFileReference; lastKnownFileType = sourcecode.c.h; path = UseCaseHandler.h; sourceTree = "<group>"; };
		BF8B4ECB202774D100535D2A /* UseCaseHandler.m */ = {isa = PBXFileReference; lastKnownFileType = sourcecode.c.objc; path = UseCaseHandler.m; sourceTree = "<group>"; };
		BF8B4ECD202774F200535D2A /* UseCaseScheduler.h */ = {isa = PBXFileReference; lastKnownFileType = sourcecode.c.h; path = UseCaseScheduler.h; sourceTree = "<group>"; };
		BF8B4ECE20277F3500535D2A /* UseCaseNSOperationSheduler.h */ = {isa = PBXFileReference; lastKnownFileType = sourcecode.c.h; path = UseCaseNSOperationSheduler.h; sourceTree = "<group>"; };
		BF8B4ECF20277F3500535D2A /* UseCaseNSOperationSheduler.m */ = {isa = PBXFileReference; lastKnownFileType = sourcecode.c.objc; path = UseCaseNSOperationSheduler.m; sourceTree = "<group>"; };
		BF8B4ED12027874700535D2A /* MvpView.h */ = {isa = PBXFileReference; lastKnownFileType = sourcecode.c.h; path = MvpView.h; sourceTree = "<group>"; };
		BF8B4ED22027875B00535D2A /* MvpPresenter.h */ = {isa = PBXFileReference; lastKnownFileType = sourcecode.c.h; path = MvpPresenter.h; sourceTree = "<group>"; };
		BF8B4ED620278B7500535D2A /* CharactersContract.h */ = {isa = PBXFileReference; lastKnownFileType = sourcecode.c.h; path = CharactersContract.h; sourceTree = "<group>"; };
		BF8B4ED820278D2E00535D2A /* Character.h */ = {isa = PBXFileReference; lastKnownFileType = sourcecode.c.h; path = Character.h; sourceTree = "<group>"; };
		BF8B4ED920278D2E00535D2A /* Character.m */ = {isa = PBXFileReference; lastKnownFileType = sourcecode.c.objc; path = Character.m; sourceTree = "<group>"; };
		BF8B4EDD20278EAE00535D2A /* CharactersDataSource.h */ = {isa = PBXFileReference; lastKnownFileType = sourcecode.c.h; path = CharactersDataSource.h; sourceTree = "<group>"; };
		BF8B4EE02027922D00535D2A /* CharactersLocalDataSource.h */ = {isa = PBXFileReference; lastKnownFileType = sourcecode.c.h; path = CharactersLocalDataSource.h; sourceTree = "<group>"; };
		BF8B4EE12027922D00535D2A /* CharactersLocalDataSource.m */ = {isa = PBXFileReference; lastKnownFileType = sourcecode.c.objc; path = CharactersLocalDataSource.m; sourceTree = "<group>"; };
		BF8B4EE62027933700535D2A /* CharactersRemoteDataSource.h */ = {isa = PBXFileReference; lastKnownFileType = sourcecode.c.h; path = CharactersRemoteDataSource.h; sourceTree = "<group>"; };
		BF8B4EE72027933700535D2A /* CharactersRemoteDataSource.m */ = {isa = PBXFileReference; lastKnownFileType = sourcecode.c.objc; path = CharactersRemoteDataSource.m; sourceTree = "<group>"; };
		BF8B4EE92027937B00535D2A /* CharactersRepository.h */ = {isa = PBXFileReference; lastKnownFileType = sourcecode.c.h; path = CharactersRepository.h; sourceTree = "<group>"; };
		BF8B4EEA2027937B00535D2A /* CharactersRepository.m */ = {isa = PBXFileReference; lastKnownFileType = sourcecode.c.objc; path = CharactersRepository.m; sourceTree = "<group>"; };
		BF8B4EED2027952D00535D2A /* CharactersUseCase.h */ = {isa = PBXFileReference; lastKnownFileType = sourcecode.c.h; path = CharactersUseCase.h; sourceTree = "<group>"; };
		BF8B4EEE2027952D00535D2A /* CharactersUseCase.m */ = {isa = PBXFileReference; lastKnownFileType = sourcecode.c.objc; path = CharactersUseCase.m; sourceTree = "<group>"; };
		BF8B4EF12027A10D00535D2A /* CharacterModel.xcdatamodel */ = {isa = PBXFileReference; lastKnownFileType = wrapper.xcdatamodel; path = CharacterModel.xcdatamodel; sourceTree = "<group>"; };
		BF8B4EF32027A7E300535D2A /* CoreData.framework */ = {isa = PBXFileReference; lastKnownFileType = wrapper.framework; name = CoreData.framework; path = System/Library/Frameworks/CoreData.framework; sourceTree = SDKROOT; };
		BF8B4EF52027A7EF00535D2A /* Foundation.framework */ = {isa = PBXFileReference; lastKnownFileType = wrapper.framework; name = Foundation.framework; path = System/Library/Frameworks/Foundation.framework; sourceTree = SDKROOT; };
		BF8B4EF72027A81F00535D2A /* UIKit.framework */ = {isa = PBXFileReference; lastKnownFileType = wrapper.framework; name = UIKit.framework; path = System/Library/Frameworks/UIKit.framework; sourceTree = SDKROOT; };
		BF8B4EF92027BB3400535D2A /* CharactersPresenter.h */ = {isa = PBXFileReference; lastKnownFileType = sourcecode.c.h; path = CharactersPresenter.h; sourceTree = "<group>"; };
		BF8B4EFA2027BB3400535D2A /* CharactersPresenter.m */ = {isa = PBXFileReference; lastKnownFileType = sourcecode.c.objc; path = CharactersPresenter.m; sourceTree = "<group>"; };
		BFB07A59202CF023008D7564 /* NSString+MD5.h */ = {isa = PBXFileReference; lastKnownFileType = sourcecode.c.h; path = "NSString+MD5.h"; sourceTree = "<group>"; };
		BFB07A5A202CF023008D7564 /* NSString+MD5.m */ = {isa = PBXFileReference; lastKnownFileType = sourcecode.c.objc; path = "NSString+MD5.m"; sourceTree = "<group>"; };
		DD0AE907199022185B78E530 /* Pods-SuperheroAppTests.release.xcconfig */ = {isa = PBXFileReference; includeInIndex = 1; lastKnownFileType = text.xcconfig; name = "Pods-SuperheroAppTests.release.xcconfig"; path = "Pods/Target Support Files/Pods-SuperheroAppTests/Pods-SuperheroAppTests.release.xcconfig"; sourceTree = "<group>"; };
/* End PBXFileReference section */

/* Begin PBXFrameworksBuildPhase section */
		4BF3BB362018F96000D29ACD /* Frameworks */ = {
			isa = PBXFrameworksBuildPhase;
			buildActionMask = 2147483647;
			files = (
				BF8B4EF82027A81F00535D2A /* UIKit.framework in Frameworks */,
				BF8B4EF62027A7EF00535D2A /* Foundation.framework in Frameworks */,
				BF8B4EF42027A7E300535D2A /* CoreData.framework in Frameworks */,
				A586CFC580AF89AF061C6F31 /* Pods_SuperheroApp.framework in Frameworks */,
			);
			runOnlyForDeploymentPostprocessing = 0;
		};
		4BF3BB512018F96000D29ACD /* Frameworks */ = {
			isa = PBXFrameworksBuildPhase;
			buildActionMask = 2147483647;
			files = (
				A6EC39AA02210F6BFA4D5257 /* Pods_SuperheroAppTests.framework in Frameworks */,
			);
			runOnlyForDeploymentPostprocessing = 0;
		};
/* End PBXFrameworksBuildPhase section */

/* Begin PBXGroup section */
		4BF3BB302018F96000D29ACD = {
			isa = PBXGroup;
			children = (
				BF03D3B1202F7D8900F8A16D /* README.md */,
				BF256000202F6FEC00DB93DC /* .travis.yml */,
				4BF3BB3B2018F96000D29ACD /* SuperheroApp */,
				4BF3BB572018F96000D29ACD /* SuperheroAppTests */,
				4BF3BB3A2018F96000D29ACD /* Products */,
				F1F37F5D72522DA8B20B2838 /* Pods */,
				E2F349F481FF8C7B8CBDAEE4 /* Frameworks */,
			);
			sourceTree = "<group>";
		};
		4BF3BB3A2018F96000D29ACD /* Products */ = {
			isa = PBXGroup;
			children = (
				4BF3BB392018F96000D29ACD /* SuperheroApp.app */,
				4BF3BB542018F96000D29ACD /* SuperheroAppTests.xctest */,
			);
			name = Products;
			sourceTree = "<group>";
		};
		4BF3BB3B2018F96000D29ACD /* SuperheroApp */ = {
			isa = PBXGroup;
			children = (
				BFB07A58202CEFFF008D7564 /* Utils */,
				BF8B4EDC20278E9A00535D2A /* DataSource */,
				BF8B4ED4202788E600535D2A /* CharacterDetail */,
				BF8B4ED32027889D00535D2A /* Characters */,
				BF6E87CD2030BBFF0056D276 /* AppDelegate.swift */,
				BF8B4ED22027875B00535D2A /* MvpPresenter.h */,
				BF8B4ED12027874700535D2A /* MvpView.h */,
				BF8B4EC620276FB300535D2A /* UseCaseRequest.h */,
				BF8B4EC720276FFB00535D2A /* UseCaseResponse.h */,
				BF8B4EC82027709B00535D2A /* UseCaseDelegate.h */,
				BF8B4EC120276D8900535D2A /* UseCase.h */,
				BF8B4EC420276E5000535D2A /* UseCase.m */,
				BF8B4ECA202774D100535D2A /* UseCaseHandler.h */,
				BF8B4ECB202774D100535D2A /* UseCaseHandler.m */,
				BF8B4ECD202774F200535D2A /* UseCaseScheduler.h */,
				BF8B4ECE20277F3500535D2A /* UseCaseNSOperationSheduler.h */,
				BF8B4ECF20277F3500535D2A /* UseCaseNSOperationSheduler.m */,
				4BF3BB452018F96000D29ACD /* Main.storyboard */,
				4BF3BB482018F96000D29ACD /* Assets.xcassets */,
				4BF3BB4A2018F96000D29ACD /* LaunchScreen.storyboard */,
				4BF3BB4D2018F96000D29ACD /* Info.plist */,
				BF6E87CC2030BBFE0056D276 /* SuperheroApp-Bridging-Header.h */,
			);
			path = SuperheroApp;
			sourceTree = "<group>";
		};
		4BF3BB572018F96000D29ACD /* SuperheroAppTests */ = {
			isa = PBXGroup;
			children = (
				4BF3BB582018F96000D29ACD /* SuperheroAppTests.m */,
				4BF3BB5A2018F96000D29ACD /* Info.plist */,
			);
			path = SuperheroAppTests;
			sourceTree = "<group>";
		};
		BF65F9EE202EF3300096B42C /* UseCase */ = {
			isa = PBXGroup;
			children = (
				BF65F9EF202EF3490096B42C /* GetCharacterUseCase.h */,
				BF65F9F0202EF3490096B42C /* GetCharacterUseCase.m */,
			);
			path = UseCase;
			sourceTree = "<group>";
		};
		BF8B4ED32027889D00535D2A /* Characters */ = {
			isa = PBXGroup;
			children = (
				BF8B4ED720278D1700535D2A /* Domain */,
				4BF3BB3F2018F96000D29ACD /* CharactersViewController.h */,
				4BF3BB402018F96000D29ACD /* CharactersViewController.m */,
				BF8B4EF92027BB3400535D2A /* CharactersPresenter.h */,
				BF8B4EFA2027BB3400535D2A /* CharactersPresenter.m */,
				BF8B4ED620278B7500535D2A /* CharactersContract.h */,
			);
			path = Characters;
			sourceTree = "<group>";
		};
		BF8B4ED4202788E600535D2A /* CharacterDetail */ = {
			isa = PBXGroup;
			children = (
				BF65F9EE202EF3300096B42C /* UseCase */,
				4BF3BB422018F96000D29ACD /* CharacterDetailViewController.h */,
				4BF3BB432018F96000D29ACD /* CharacterDetailViewController.m */,
				BF65F9EB202E10D30096B42C /* CharacterDetailPresenter.h */,
				BF65F9EC202E10D30096B42C /* CharacterDetailPresenter.m */,
				BF65F9EA202E0E7E0096B42C /* CharacterDetailContract.h */,
			);
			path = CharacterDetail;
			sourceTree = "<group>";
		};
		BF8B4ED720278D1700535D2A /* Domain */ = {
			isa = PBXGroup;
			children = (
				BF8B4EDB20278DB700535D2A /* Model */,
				BF8B4EEC2027950E00535D2A /* UseCase */,
			);
			path = Domain;
			sourceTree = "<group>";
		};
		BF8B4EDB20278DB700535D2A /* Model */ = {
			isa = PBXGroup;
			children = (
				BF8B4ED820278D2E00535D2A /* Character.h */,
				BF8B4ED920278D2E00535D2A /* Character.m */,
				BF630D5A202CF8810079EDA2 /* Page.h */,
				BF630D5B202CF8810079EDA2 /* Page.m */,
			);
			path = Model;
			sourceTree = "<group>";
		};
		BF8B4EDC20278E9A00535D2A /* DataSource */ = {
			isa = PBXGroup;
			children = (
				BF8B4EDF20278EF900535D2A /* Remote */,
				BF8B4EDE20278EF400535D2A /* Local */,
				BF8B4EDD20278EAE00535D2A /* CharactersDataSource.h */,
				BF8B4EE92027937B00535D2A /* CharactersRepository.h */,
				BF8B4EEA2027937B00535D2A /* CharactersRepository.m */,
			);
			path = DataSource;
			sourceTree = "<group>";
		};
		BF8B4EDE20278EF400535D2A /* Local */ = {
			isa = PBXGroup;
			children = (
				BF8B4EE02027922D00535D2A /* CharactersLocalDataSource.h */,
				BF8B4EE12027922D00535D2A /* CharactersLocalDataSource.m */,
				BF8B4EF02027A10D00535D2A /* CharacterModel.xcdatamodeld */,
			);
			path = Local;
			sourceTree = "<group>";
		};
		BF8B4EDF20278EF900535D2A /* Remote */ = {
			isa = PBXGroup;
			children = (
				BF8B4EE62027933700535D2A /* CharactersRemoteDataSource.h */,
				BF8B4EE72027933700535D2A /* CharactersRemoteDataSource.m */,
			);
			path = Remote;
			sourceTree = "<group>";
		};
		BF8B4EEC2027950E00535D2A /* UseCase */ = {
			isa = PBXGroup;
			children = (
				BF8B4EED2027952D00535D2A /* CharactersUseCase.h */,
				BF8B4EEE2027952D00535D2A /* CharactersUseCase.m */,
			);
			path = UseCase;
			sourceTree = "<group>";
		};
		BFB07A58202CEFFF008D7564 /* Utils */ = {
			isa = PBXGroup;
			children = (
				BFB07A59202CF023008D7564 /* NSString+MD5.h */,
				BFB07A5A202CF023008D7564 /* NSString+MD5.m */,
			);
			path = Utils;
			sourceTree = "<group>";
		};
		E2F349F481FF8C7B8CBDAEE4 /* Frameworks */ = {
			isa = PBXGroup;
			children = (
				BF8B4EF72027A81F00535D2A /* UIKit.framework */,
				BF8B4EF52027A7EF00535D2A /* Foundation.framework */,
				BF8B4EF32027A7E300535D2A /* CoreData.framework */,
				A19131AA314287FAF159CB6A /* Pods_SuperheroApp.framework */,
				BCBCFF907C65363EDD1DA792 /* Pods_SuperheroAppTests.framework */,
			);
			name = Frameworks;
			sourceTree = "<group>";
		};
		F1F37F5D72522DA8B20B2838 /* Pods */ = {
			isa = PBXGroup;
			children = (
				B4F5CBFF7709BBD386FC17E2 /* Pods-SuperheroApp.debug.xcconfig */,
				5A91779401C86451BD998981 /* Pods-SuperheroApp.release.xcconfig */,
				5DC2E903EF51E215D890CC8A /* Pods-SuperheroAppTests.debug.xcconfig */,
				DD0AE907199022185B78E530 /* Pods-SuperheroAppTests.release.xcconfig */,
			);
			name = Pods;
			sourceTree = "<group>";
		};
/* End PBXGroup section */

/* Begin PBXNativeTarget section */
		4BF3BB382018F96000D29ACD /* SuperheroApp */ = {
			isa = PBXNativeTarget;
			buildConfigurationList = 4BF3BB5D2018F96000D29ACD /* Build configuration list for PBXNativeTarget "SuperheroApp" */;
			buildPhases = (
				4AE95A941E32A172B72A9C65 /* [CP] Check Pods Manifest.lock */,
				4BF3BB352018F96000D29ACD /* Sources */,
				4BF3BB362018F96000D29ACD /* Frameworks */,
				4BF3BB372018F96000D29ACD /* Resources */,
				F8084480264CD2D629880B54 /* [CP] Embed Pods Frameworks */,
				4615E28441B301EB2EAE5E68 /* [CP] Copy Pods Resources */,
			);
			buildRules = (
			);
			dependencies = (
			);
			name = SuperheroApp;
			productName = SuperheroApp;
			productReference = 4BF3BB392018F96000D29ACD /* SuperheroApp.app */;
			productType = "com.apple.product-type.application";
		};
		4BF3BB532018F96000D29ACD /* SuperheroAppTests */ = {
			isa = PBXNativeTarget;
			buildConfigurationList = 4BF3BB602018F96000D29ACD /* Build configuration list for PBXNativeTarget "SuperheroAppTests" */;
			buildPhases = (
				53C59323BCED4D1599DDFF9A /* [CP] Check Pods Manifest.lock */,
				4BF3BB502018F96000D29ACD /* Sources */,
				4BF3BB512018F96000D29ACD /* Frameworks */,
				4BF3BB522018F96000D29ACD /* Resources */,
				20C0ECCBF89A81F285127066 /* [CP] Embed Pods Frameworks */,
				3DC765973A650EA228C7E187 /* [CP] Copy Pods Resources */,
			);
			buildRules = (
			);
			dependencies = (
				4BF3BB562018F96000D29ACD /* PBXTargetDependency */,
			);
			name = SuperheroAppTests;
			productName = SuperheroAppTests;
			productReference = 4BF3BB542018F96000D29ACD /* SuperheroAppTests.xctest */;
			productType = "com.apple.product-type.bundle.unit-test";
		};
/* End PBXNativeTarget section */

/* Begin PBXProject section */
		4BF3BB312018F96000D29ACD /* Project object */ = {
			isa = PBXProject;
			attributes = {
				LastUpgradeCheck = 0920;
				ORGANIZATIONNAME = W.UP;
				TargetAttributes = {
					4BF3BB382018F96000D29ACD = {
						CreatedOnToolsVersion = 9.2;
						LastSwiftMigration = 0920;
						ProvisioningStyle = Automatic;
					};
					4BF3BB532018F96000D29ACD = {
						CreatedOnToolsVersion = 9.2;
						ProvisioningStyle = Automatic;
						TestTargetID = 4BF3BB382018F96000D29ACD;
					};
				};
			};
			buildConfigurationList = 4BF3BB342018F96000D29ACD /* Build configuration list for PBXProject "SuperheroApp" */;
			compatibilityVersion = "Xcode 8.0";
			developmentRegion = en;
			hasScannedForEncodings = 0;
			knownRegions = (
				en,
				Base,
			);
			mainGroup = 4BF3BB302018F96000D29ACD;
			productRefGroup = 4BF3BB3A2018F96000D29ACD /* Products */;
			projectDirPath = "";
			projectRoot = "";
			targets = (
				4BF3BB382018F96000D29ACD /* SuperheroApp */,
				4BF3BB532018F96000D29ACD /* SuperheroAppTests */,
			);
		};
/* End PBXProject section */

/* Begin PBXResourcesBuildPhase section */
		4BF3BB372018F96000D29ACD /* Resources */ = {
			isa = PBXResourcesBuildPhase;
			buildActionMask = 2147483647;
			files = (
				4BF3BB4C2018F96000D29ACD /* LaunchScreen.storyboard in Resources */,
				4BF3BB492018F96000D29ACD /* Assets.xcassets in Resources */,
				4BF3BB472018F96000D29ACD /* Main.storyboard in Resources */,
			);
			runOnlyForDeploymentPostprocessing = 0;
		};
		4BF3BB522018F96000D29ACD /* Resources */ = {
			isa = PBXResourcesBuildPhase;
			buildActionMask = 2147483647;
			files = (
			);
			runOnlyForDeploymentPostprocessing = 0;
		};
/* End PBXResourcesBuildPhase section */

/* Begin PBXShellScriptBuildPhase section */
		20C0ECCBF89A81F285127066 /* [CP] Embed Pods Frameworks */ = {
			isa = PBXShellScriptBuildPhase;
			buildActionMask = 2147483647;
			files = (
			);
			inputPaths = (
			);
			name = "[CP] Embed Pods Frameworks";
			outputPaths = (
			);
			runOnlyForDeploymentPostprocessing = 0;
			shellPath = /bin/sh;
			shellScript = "\"${SRCROOT}/Pods/Target Support Files/Pods-SuperheroAppTests/Pods-SuperheroAppTests-frameworks.sh\"\n";
			showEnvVarsInLog = 0;
		};
		3DC765973A650EA228C7E187 /* [CP] Copy Pods Resources */ = {
			isa = PBXShellScriptBuildPhase;
			buildActionMask = 2147483647;
			files = (
			);
			inputPaths = (
			);
			name = "[CP] Copy Pods Resources";
			outputPaths = (
			);
			runOnlyForDeploymentPostprocessing = 0;
			shellPath = /bin/sh;
			shellScript = "\"${SRCROOT}/Pods/Target Support Files/Pods-SuperheroAppTests/Pods-SuperheroAppTests-resources.sh\"\n";
			showEnvVarsInLog = 0;
		};
		4615E28441B301EB2EAE5E68 /* [CP] Copy Pods Resources */ = {
			isa = PBXShellScriptBuildPhase;
			buildActionMask = 2147483647;
			files = (
			);
			inputPaths = (
			);
			name = "[CP] Copy Pods Resources";
			outputPaths = (
			);
			runOnlyForDeploymentPostprocessing = 0;
			shellPath = /bin/sh;
			shellScript = "\"${SRCROOT}/Pods/Target Support Files/Pods-SuperheroApp/Pods-SuperheroApp-resources.sh\"\n";
			showEnvVarsInLog = 0;
		};
		4AE95A941E32A172B72A9C65 /* [CP] Check Pods Manifest.lock */ = {
			isa = PBXShellScriptBuildPhase;
			buildActionMask = 2147483647;
			files = (
			);
			inputPaths = (
				"${PODS_PODFILE_DIR_PATH}/Podfile.lock",
				"${PODS_ROOT}/Manifest.lock",
			);
			name = "[CP] Check Pods Manifest.lock";
			outputPaths = (
				"$(DERIVED_FILE_DIR)/Pods-SuperheroApp-checkManifestLockResult.txt",
			);
			runOnlyForDeploymentPostprocessing = 0;
			shellPath = /bin/sh;
			shellScript = "diff \"${PODS_PODFILE_DIR_PATH}/Podfile.lock\" \"${PODS_ROOT}/Manifest.lock\" > /dev/null\nif [ $? != 0 ] ; then\n    # print error to STDERR\n    echo \"error: The sandbox is not in sync with the Podfile.lock. Run 'pod install' or update your CocoaPods installation.\" >&2\n    exit 1\nfi\n# This output is used by Xcode 'outputs' to avoid re-running this script phase.\necho \"SUCCESS\" > \"${SCRIPT_OUTPUT_FILE_0}\"\n";
			showEnvVarsInLog = 0;
		};
		53C59323BCED4D1599DDFF9A /* [CP] Check Pods Manifest.lock */ = {
			isa = PBXShellScriptBuildPhase;
			buildActionMask = 2147483647;
			files = (
			);
			inputPaths = (
				"${PODS_PODFILE_DIR_PATH}/Podfile.lock",
				"${PODS_ROOT}/Manifest.lock",
			);
			name = "[CP] Check Pods Manifest.lock";
			outputPaths = (
				"$(DERIVED_FILE_DIR)/Pods-SuperheroAppTests-checkManifestLockResult.txt",
			);
			runOnlyForDeploymentPostprocessing = 0;
			shellPath = /bin/sh;
			shellScript = "diff \"${PODS_PODFILE_DIR_PATH}/Podfile.lock\" \"${PODS_ROOT}/Manifest.lock\" > /dev/null\nif [ $? != 0 ] ; then\n    # print error to STDERR\n    echo \"error: The sandbox is not in sync with the Podfile.lock. Run 'pod install' or update your CocoaPods installation.\" >&2\n    exit 1\nfi\n# This output is used by Xcode 'outputs' to avoid re-running this script phase.\necho \"SUCCESS\" > \"${SCRIPT_OUTPUT_FILE_0}\"\n";
			showEnvVarsInLog = 0;
		};
		F8084480264CD2D629880B54 /* [CP] Embed Pods Frameworks */ = {
			isa = PBXShellScriptBuildPhase;
			buildActionMask = 2147483647;
			files = (
			);
			inputPaths = (
				"${SRCROOT}/Pods/Target Support Files/Pods-SuperheroApp/Pods-SuperheroApp-frameworks.sh",
				"${BUILT_PRODUCTS_DIR}/AFNetworking/AFNetworking.framework",
			);
			name = "[CP] Embed Pods Frameworks";
			outputPaths = (
				"${TARGET_BUILD_DIR}/${FRAMEWORKS_FOLDER_PATH}/AFNetworking.framework",
			);
			runOnlyForDeploymentPostprocessing = 0;
			shellPath = /bin/sh;
			shellScript = "\"${SRCROOT}/Pods/Target Support Files/Pods-SuperheroApp/Pods-SuperheroApp-frameworks.sh\"\n";
			showEnvVarsInLog = 0;
		};
/* End PBXShellScriptBuildPhase section */

/* Begin PBXSourcesBuildPhase section */
		4BF3BB352018F96000D29ACD /* Sources */ = {
			isa = PBXSourcesBuildPhase;
			buildActionMask = 2147483647;
			files = (
				4BF3BB412018F96000D29ACD /* CharactersViewController.m in Sources */,
				BF6E87CE2030BBFF0056D276 /* AppDelegate.swift in Sources */,
				BF8B4EDA20278D2E00535D2A /* Character.m in Sources */,
				BF8B4EFB2027BB3400535D2A /* CharactersPresenter.m in Sources */,
				BF65F9ED202E10D30096B42C /* CharacterDetailPresenter.m in Sources */,
				4BF3BB442018F96000D29ACD /* CharacterDetailViewController.m in Sources */,
				BF8B4EE22027922D00535D2A /* CharactersLocalDataSource.m in Sources */,
				BF8B4ED020277F3500535D2A /* UseCaseNSOperationSheduler.m in Sources */,
				BF8B4ECC202774D100535D2A /* UseCaseHandler.m in Sources */,
				BF8B4EE82027933700535D2A /* CharactersRemoteDataSource.m in Sources */,
				BF8B4EEB2027937B00535D2A /* CharactersRepository.m in Sources */,
				BF8B4EF22027A10D00535D2A /* CharacterModel.xcdatamodeld in Sources */,
				BFB07A5B202CF023008D7564 /* NSString+MD5.m in Sources */,
				BF65F9F1202EF3490096B42C /* GetCharacterUseCase.m in Sources */,
				BF8B4EC520276E5000535D2A /* UseCase.m in Sources */,
				BF630D5C202CF8810079EDA2 /* Page.m in Sources */,
				BF8B4EEF2027952D00535D2A /* CharactersUseCase.m in Sources */,
			);
			runOnlyForDeploymentPostprocessing = 0;
		};
		4BF3BB502018F96000D29ACD /* Sources */ = {
			isa = PBXSourcesBuildPhase;
			buildActionMask = 2147483647;
			files = (
				4BF3BB592018F96000D29ACD /* SuperheroAppTests.m in Sources */,
			);
			runOnlyForDeploymentPostprocessing = 0;
		};
/* End PBXSourcesBuildPhase section */

/* Begin PBXTargetDependency section */
		4BF3BB562018F96000D29ACD /* PBXTargetDependency */ = {
			isa = PBXTargetDependency;
			target = 4BF3BB382018F96000D29ACD /* SuperheroApp */;
			targetProxy = 4BF3BB552018F96000D29ACD /* PBXContainerItemProxy */;
		};
/* End PBXTargetDependency section */

/* Begin PBXVariantGroup section */
		4BF3BB452018F96000D29ACD /* Main.storyboard */ = {
			isa = PBXVariantGroup;
			children = (
				4BF3BB462018F96000D29ACD /* Base */,
			);
			name = Main.storyboard;
			sourceTree = "<group>";
		};
		4BF3BB4A2018F96000D29ACD /* LaunchScreen.storyboard */ = {
			isa = PBXVariantGroup;
			children = (
				4BF3BB4B2018F96000D29ACD /* Base */,
			);
			name = LaunchScreen.storyboard;
			sourceTree = "<group>";
		};
/* End PBXVariantGroup section */

/* Begin XCBuildConfiguration section */
		4BF3BB5B2018F96000D29ACD /* Debug */ = {
			isa = XCBuildConfiguration;
			buildSettings = {
				ALWAYS_EMBED_SWIFT_STANDARD_LIBRARIES = NO;
				ALWAYS_SEARCH_USER_PATHS = NO;
				CLANG_ANALYZER_NONNULL = YES;
				CLANG_ANALYZER_NUMBER_OBJECT_CONVERSION = YES_AGGRESSIVE;
				CLANG_CXX_LANGUAGE_STANDARD = "gnu++14";
				CLANG_CXX_LIBRARY = "libc++";
				CLANG_ENABLE_MODULES = YES;
				CLANG_ENABLE_OBJC_ARC = YES;
				CLANG_WARN_BLOCK_CAPTURE_AUTORELEASING = YES;
				CLANG_WARN_BOOL_CONVERSION = YES;
				CLANG_WARN_COMMA = YES;
				CLANG_WARN_CONSTANT_CONVERSION = YES;
				CLANG_WARN_DIRECT_OBJC_ISA_USAGE = YES_ERROR;
				CLANG_WARN_DOCUMENTATION_COMMENTS = YES;
				CLANG_WARN_EMPTY_BODY = YES;
				CLANG_WARN_ENUM_CONVERSION = YES;
				CLANG_WARN_INFINITE_RECURSION = YES;
				CLANG_WARN_INT_CONVERSION = YES;
				CLANG_WARN_NON_LITERAL_NULL_CONVERSION = YES;
				CLANG_WARN_OBJC_LITERAL_CONVERSION = YES;
				CLANG_WARN_OBJC_ROOT_CLASS = YES_ERROR;
				CLANG_WARN_RANGE_LOOP_ANALYSIS = YES;
				CLANG_WARN_STRICT_PROTOTYPES = YES;
				CLANG_WARN_SUSPICIOUS_MOVE = YES;
				CLANG_WARN_UNGUARDED_AVAILABILITY = YES_AGGRESSIVE;
				CLANG_WARN_UNREACHABLE_CODE = YES;
				CLANG_WARN__DUPLICATE_METHOD_MATCH = YES;
				CODE_SIGN_IDENTITY = "iPhone Developer";
				COPY_PHASE_STRIP = NO;
				DEBUG_INFORMATION_FORMAT = dwarf;
				ENABLE_STRICT_OBJC_MSGSEND = YES;
				ENABLE_TESTABILITY = YES;
				GCC_C_LANGUAGE_STANDARD = gnu11;
				GCC_DYNAMIC_NO_PIC = NO;
				GCC_NO_COMMON_BLOCKS = YES;
				GCC_OPTIMIZATION_LEVEL = 0;
				GCC_PREPROCESSOR_DEFINITIONS = (
					"DEBUG=1",
					"$(inherited)",
				);
				GCC_WARN_64_TO_32_BIT_CONVERSION = YES;
				GCC_WARN_ABOUT_RETURN_TYPE = YES_ERROR;
				GCC_WARN_UNDECLARED_SELECTOR = YES;
				GCC_WARN_UNINITIALIZED_AUTOS = YES_AGGRESSIVE;
				GCC_WARN_UNUSED_FUNCTION = YES;
				GCC_WARN_UNUSED_VARIABLE = YES;
				INFOPLIST_PREFIX_HEADER = marvel.pch;
				INFOPLIST_PREPROCESS = YES;
				IPHONEOS_DEPLOYMENT_TARGET = 11.2;
				MTL_ENABLE_DEBUG_INFO = YES;
				ONLY_ACTIVE_ARCH = YES;
				SDKROOT = iphoneos;
				SWIFT_VERSION = 4.0;
			};
			name = Debug;
		};
		4BF3BB5C2018F96000D29ACD /* Release */ = {
			isa = XCBuildConfiguration;
			buildSettings = {
				ALWAYS_EMBED_SWIFT_STANDARD_LIBRARIES = NO;
				ALWAYS_SEARCH_USER_PATHS = NO;
				CLANG_ANALYZER_NONNULL = YES;
				CLANG_ANALYZER_NUMBER_OBJECT_CONVERSION = YES_AGGRESSIVE;
				CLANG_CXX_LANGUAGE_STANDARD = "gnu++14";
				CLANG_CXX_LIBRARY = "libc++";
				CLANG_ENABLE_MODULES = YES;
				CLANG_ENABLE_OBJC_ARC = YES;
				CLANG_WARN_BLOCK_CAPTURE_AUTORELEASING = YES;
				CLANG_WARN_BOOL_CONVERSION = YES;
				CLANG_WARN_COMMA = YES;
				CLANG_WARN_CONSTANT_CONVERSION = YES;
				CLANG_WARN_DIRECT_OBJC_ISA_USAGE = YES_ERROR;
				CLANG_WARN_DOCUMENTATION_COMMENTS = YES;
				CLANG_WARN_EMPTY_BODY = YES;
				CLANG_WARN_ENUM_CONVERSION = YES;
				CLANG_WARN_INFINITE_RECURSION = YES;
				CLANG_WARN_INT_CONVERSION = YES;
				CLANG_WARN_NON_LITERAL_NULL_CONVERSION = YES;
				CLANG_WARN_OBJC_LITERAL_CONVERSION = YES;
				CLANG_WARN_OBJC_ROOT_CLASS = YES_ERROR;
				CLANG_WARN_RANGE_LOOP_ANALYSIS = YES;
				CLANG_WARN_STRICT_PROTOTYPES = YES;
				CLANG_WARN_SUSPICIOUS_MOVE = YES;
				CLANG_WARN_UNGUARDED_AVAILABILITY = YES_AGGRESSIVE;
				CLANG_WARN_UNREACHABLE_CODE = YES;
				CLANG_WARN__DUPLICATE_METHOD_MATCH = YES;
				CODE_SIGN_IDENTITY = "iPhone Developer";
				COPY_PHASE_STRIP = NO;
				DEBUG_INFORMATION_FORMAT = "dwarf-with-dsym";
				ENABLE_NS_ASSERTIONS = NO;
				ENABLE_STRICT_OBJC_MSGSEND = YES;
				GCC_C_LANGUAGE_STANDARD = gnu11;
				GCC_NO_COMMON_BLOCKS = YES;
				GCC_WARN_64_TO_32_BIT_CONVERSION = YES;
				GCC_WARN_ABOUT_RETURN_TYPE = YES_ERROR;
				GCC_WARN_UNDECLARED_SELECTOR = YES;
				GCC_WARN_UNINITIALIZED_AUTOS = YES_AGGRESSIVE;
				GCC_WARN_UNUSED_FUNCTION = YES;
				GCC_WARN_UNUSED_VARIABLE = YES;
				INFOPLIST_PREFIX_HEADER = marvel.pch;
				INFOPLIST_PREPROCESS = YES;
				IPHONEOS_DEPLOYMENT_TARGET = 11.2;
				MTL_ENABLE_DEBUG_INFO = NO;
				SDKROOT = iphoneos;
				SWIFT_VERSION = 4.0;
				VALIDATE_PRODUCT = YES;
			};
			name = Release;
		};
		4BF3BB5E2018F96000D29ACD /* Debug */ = {
			isa = XCBuildConfiguration;
			baseConfigurationReference = B4F5CBFF7709BBD386FC17E2 /* Pods-SuperheroApp.debug.xcconfig */;
			buildSettings = {
				ASSETCATALOG_COMPILER_APPICON_NAME = AppIcon;
				CLANG_ENABLE_MODULES = YES;
				CODE_SIGN_STYLE = Automatic;
				DEVELOPMENT_TEAM = P79WKA4KXJ;
				INFOPLIST_FILE = SuperheroApp/Info.plist;
				LD_RUNPATH_SEARCH_PATHS = "$(inherited) @executable_path/Frameworks";
				PRODUCT_BUNDLE_IDENTIFIER = digital.wup.SuperheroApp;
				PRODUCT_NAME = "$(TARGET_NAME)";
				SWIFT_OBJC_BRIDGING_HEADER = "SuperheroApp/SuperheroApp-Bridging-Header.h";
				SWIFT_OPTIMIZATION_LEVEL = "-Onone";
				SWIFT_VERSION = 3.0;
				TARGETED_DEVICE_FAMILY = "1,2";
			};
			name = Debug;
		};
		4BF3BB5F2018F96000D29ACD /* Release */ = {
			isa = XCBuildConfiguration;
			baseConfigurationReference = 5A91779401C86451BD998981 /* Pods-SuperheroApp.release.xcconfig */;
			buildSettings = {
				ASSETCATALOG_COMPILER_APPICON_NAME = AppIcon;
				CLANG_ENABLE_MODULES = YES;
				CODE_SIGN_STYLE = Automatic;
				DEVELOPMENT_TEAM = P79WKA4KXJ;
				INFOPLIST_FILE = SuperheroApp/Info.plist;
				LD_RUNPATH_SEARCH_PATHS = "$(inherited) @executable_path/Frameworks";
				PRODUCT_BUNDLE_IDENTIFIER = digital.wup.SuperheroApp;
				PRODUCT_NAME = "$(TARGET_NAME)";
				SWIFT_OBJC_BRIDGING_HEADER = "SuperheroApp/SuperheroApp-Bridging-Header.h";
				SWIFT_VERSION = 3.0;
				TARGETED_DEVICE_FAMILY = "1,2";
			};
			name = Release;
		};
		4BF3BB612018F96000D29ACD /* Debug */ = {
			isa = XCBuildConfiguration;
			baseConfigurationReference = 5DC2E903EF51E215D890CC8A /* Pods-SuperheroAppTests.debug.xcconfig */;
			buildSettings = {
				ALWAYS_EMBED_SWIFT_STANDARD_LIBRARIES = YES;
				BUNDLE_LOADER = "$(TEST_HOST)";
				CODE_SIGN_STYLE = Automatic;
				DEVELOPMENT_TEAM = P79WKA4KXJ;
				INFOPLIST_FILE = SuperheroAppTests/Info.plist;
				LD_RUNPATH_SEARCH_PATHS = "$(inherited) @executable_path/Frameworks @loader_path/Frameworks";
				PRODUCT_BUNDLE_IDENTIFIER = digital.wup.SuperheroAppTests;
				PRODUCT_NAME = "$(TARGET_NAME)";
				TARGETED_DEVICE_FAMILY = "1,2";
				TEST_HOST = "$(BUILT_PRODUCTS_DIR)/SuperheroApp.app/SuperheroApp";
			};
			name = Debug;
		};
		4BF3BB622018F96000D29ACD /* Release */ = {
			isa = XCBuildConfiguration;
			baseConfigurationReference = DD0AE907199022185B78E530 /* Pods-SuperheroAppTests.release.xcconfig */;
			buildSettings = {
				ALWAYS_EMBED_SWIFT_STANDARD_LIBRARIES = YES;
				BUNDLE_LOADER = "$(TEST_HOST)";
				CODE_SIGN_STYLE = Automatic;
				DEVELOPMENT_TEAM = P79WKA4KXJ;
				INFOPLIST_FILE = SuperheroAppTests/Info.plist;
				LD_RUNPATH_SEARCH_PATHS = "$(inherited) @executable_path/Frameworks @loader_path/Frameworks";
				PRODUCT_BUNDLE_IDENTIFIER = digital.wup.SuperheroAppTests;
				PRODUCT_NAME = "$(TARGET_NAME)";
				TARGETED_DEVICE_FAMILY = "1,2";
				TEST_HOST = "$(BUILT_PRODUCTS_DIR)/SuperheroApp.app/SuperheroApp";
			};
			name = Release;
		};
/* End XCBuildConfiguration section */

/* Begin XCConfigurationList section */
		4BF3BB342018F96000D29ACD /* Build configuration list for PBXProject "SuperheroApp" */ = {
			isa = XCConfigurationList;
			buildConfigurations = (
				4BF3BB5B2018F96000D29ACD /* Debug */,
				4BF3BB5C2018F96000D29ACD /* Release */,
			);
			defaultConfigurationIsVisible = 0;
			defaultConfigurationName = Release;
		};
		4BF3BB5D2018F96000D29ACD /* Build configuration list for PBXNativeTarget "SuperheroApp" */ = {
			isa = XCConfigurationList;
			buildConfigurations = (
				4BF3BB5E2018F96000D29ACD /* Debug */,
				4BF3BB5F2018F96000D29ACD /* Release */,
			);
			defaultConfigurationIsVisible = 0;
			defaultConfigurationName = Release;
		};
		4BF3BB602018F96000D29ACD /* Build configuration list for PBXNativeTarget "SuperheroAppTests" */ = {
			isa = XCConfigurationList;
			buildConfigurations = (
				4BF3BB612018F96000D29ACD /* Debug */,
				4BF3BB622018F96000D29ACD /* Release */,
			);
			defaultConfigurationIsVisible = 0;
			defaultConfigurationName = Release;
		};
/* End XCConfigurationList section */

/* Begin XCVersionGroup section */
		BF8B4EF02027A10D00535D2A /* CharacterModel.xcdatamodeld */ = {
			isa = XCVersionGroup;
			children = (
				BF8B4EF12027A10D00535D2A /* CharacterModel.xcdatamodel */,
			);
			currentVersion = BF8B4EF12027A10D00535D2A /* CharacterModel.xcdatamodel */;
			path = CharacterModel.xcdatamodeld;
			sourceTree = "<group>";
			versionGroupType = wrapper.xcdatamodel;
		};
/* End XCVersionGroup section */
	};
	rootObject = 4BF3BB312018F96000D29ACD /* Project object */;
}
