// !$*UTF8*$!
{
	archiveVersion = 1;
	classes = {
	};
	objectVersion = 48;
	objects = {

/* Begin PBXBuildFile section */
		4BF3BB472018F96000D29ACD /* Main.storyboard in Resources */ = {isa = PBXBuildFile; fileRef = 4BF3BB452018F96000D29ACD /* Main.storyboard */; };
		4BF3BB492018F96000D29ACD /* Assets.xcassets in Resources */ = {isa = PBXBuildFile; fileRef = 4BF3BB482018F96000D29ACD /* Assets.xcassets */; };
		4BF3BB4C2018F96000D29ACD /* LaunchScreen.storyboard in Resources */ = {isa = PBXBuildFile; fileRef = 4BF3BB4A2018F96000D29ACD /* LaunchScreen.storyboard */; };
		4BF3BB592018F96000D29ACD /* SuperheroAppTests.m in Sources */ = {isa = PBXBuildFile; fileRef = 4BF3BB582018F96000D29ACD /* SuperheroAppTests.m */; };
		A586CFC580AF89AF061C6F31 /* Pods_SuperheroApp.framework in Frameworks */ = {isa = PBXBuildFile; fileRef = A19131AA314287FAF159CB6A /* Pods_SuperheroApp.framework */; };
		A6EC39AA02210F6BFA4D5257 /* Pods_SuperheroAppTests.framework in Frameworks */ = {isa = PBXBuildFile; fileRef = BCBCFF907C65363EDD1DA792 /* Pods_SuperheroAppTests.framework */; };
		BF0BE4A92036390500F2FBDD /* CharacterResponse.swift in Sources */ = {isa = PBXBuildFile; fileRef = BF0BE4A82036390500F2FBDD /* CharacterResponse.swift */; };
		BF6BC8182034BA3F007D6C15 /* Environment.generated.swift in Sources */ = {isa = PBXBuildFile; fileRef = BF6BC8172034BA3F007D6C15 /* Environment.generated.swift */; };
		BF6E87CE2030BBFF0056D276 /* AppDelegate.swift in Sources */ = {isa = PBXBuildFile; fileRef = BF6E87CD2030BBFF0056D276 /* AppDelegate.swift */; };
		BF6E880D2030CEAA0056D276 /* CharactersLocalDataSource.swift in Sources */ = {isa = PBXBuildFile; fileRef = BF6E880C2030CEAA0056D276 /* CharactersLocalDataSource.swift */; };
		BF6E88112030DCAF0056D276 /* CharactersRemoteDataSource.swift in Sources */ = {isa = PBXBuildFile; fileRef = BF6E88102030DCAF0056D276 /* CharactersRemoteDataSource.swift */; };
		BF6E88132030DF670056D276 /* String+md5.swift in Sources */ = {isa = PBXBuildFile; fileRef = BF6E88122030DF670056D276 /* String+md5.swift */; };
		BF6E88242031090E0056D276 /* UseCaseNSOperationQueueScheduler.swift in Sources */ = {isa = PBXBuildFile; fileRef = BF6E88232031090E0056D276 /* UseCaseNSOperationQueueScheduler.swift */; };
		BF6E882C2031147B0056D276 /* GetCharacterUseCase.swift in Sources */ = {isa = PBXBuildFile; fileRef = BF6E882B2031147B0056D276 /* GetCharacterUseCase.swift */; };
		BF8B4EF22027A10D00535D2A /* CharacterModel.xcdatamodeld in Sources */ = {isa = PBXBuildFile; fileRef = BF8B4EF02027A10D00535D2A /* CharacterModel.xcdatamodeld */; };
		BF8B4EF42027A7E300535D2A /* CoreData.framework in Frameworks */ = {isa = PBXBuildFile; fileRef = BF8B4EF32027A7E300535D2A /* CoreData.framework */; };
		BF8B4EF62027A7EF00535D2A /* Foundation.framework in Frameworks */ = {isa = PBXBuildFile; fileRef = BF8B4EF52027A7EF00535D2A /* Foundation.framework */; };
		BF8B4EF82027A81F00535D2A /* UIKit.framework in Frameworks */ = {isa = PBXBuildFile; fileRef = BF8B4EF72027A81F00535D2A /* UIKit.framework */; };
		BFB7FE362032208900157F5A /* CharactersContract.swift in Sources */ = {isa = PBXBuildFile; fileRef = BFB7FE352032208900157F5A /* CharactersContract.swift */; };
		BFB7FE38203221E000157F5A /* CharactersPresenter.swift in Sources */ = {isa = PBXBuildFile; fileRef = BFB7FE37203221E000157F5A /* CharactersPresenter.swift */; };
		BFB7FE3A203227B100157F5A /* CharactersViewController.swift in Sources */ = {isa = PBXBuildFile; fileRef = BFB7FE39203227B100157F5A /* CharactersViewController.swift */; };
		BFB7FE3C20322D2300157F5A /* CharacterDetailContract.swift in Sources */ = {isa = PBXBuildFile; fileRef = BFB7FE3B20322D2300157F5A /* CharacterDetailContract.swift */; };
		BFB7FE3E20322E5700157F5A /* CharacterDetailPresenter.swift in Sources */ = {isa = PBXBuildFile; fileRef = BFB7FE3D20322E5700157F5A /* CharacterDetailPresenter.swift */; };
		BFB7FE40203230CC00157F5A /* CharacterDetailViewController.swift in Sources */ = {isa = PBXBuildFile; fileRef = BFB7FE3F203230CC00157F5A /* CharacterDetailViewController.swift */; };
		BFE5410820375E7E0035D58A /* Common.framework in Frameworks */ = {isa = PBXBuildFile; fileRef = BFE5410720375E7E0035D58A /* Common.framework */; };
		BFE5410920375E890035D58A /* Common.framework in Frameworks */ = {isa = PBXBuildFile; fileRef = BFE5410720375E7E0035D58A /* Common.framework */; };
		BFE5410A20375E890035D58A /* Common.framework in Embed Frameworks */ = {isa = PBXBuildFile; fileRef = BFE5410720375E7E0035D58A /* Common.framework */; settings = {ATTRIBUTES = (CodeSignOnCopy, RemoveHeadersOnCopy, ); }; };
/* End PBXBuildFile section */

/* Begin PBXContainerItemProxy section */
		4BF3BB552018F96000D29ACD /* PBXContainerItemProxy */ = {
			isa = PBXContainerItemProxy;
			containerPortal = 4BF3BB312018F96000D29ACD /* Project object */;
			proxyType = 1;
			remoteGlobalIDString = 4BF3BB382018F96000D29ACD;
			remoteInfo = SuperheroApp;
		};
/* End PBXContainerItemProxy section */

/* Begin PBXCopyFilesBuildPhase section */
		BF0BE4A4203625B100F2FBDD /* Embed Frameworks */ = {
			isa = PBXCopyFilesBuildPhase;
			buildActionMask = 2147483647;
			dstPath = "";
			dstSubfolderSpec = 10;
			files = (
				BFE5410A20375E890035D58A /* Common.framework in Embed Frameworks */,
			);
			name = "Embed Frameworks";
			runOnlyForDeploymentPostprocessing = 0;
		};
/* End PBXCopyFilesBuildPhase section */

/* Begin PBXFileReference section */
		4BF3BB392018F96000D29ACD /* SuperheroApp.app */ = {isa = PBXFileReference; explicitFileType = wrapper.application; includeInIndex = 0; path = SuperheroApp.app; sourceTree = BUILT_PRODUCTS_DIR; };
		4BF3BB462018F96000D29ACD /* Base */ = {isa = PBXFileReference; lastKnownFileType = file.storyboard; name = Base; path = Base.lproj/Main.storyboard; sourceTree = "<group>"; };
		4BF3BB482018F96000D29ACD /* Assets.xcassets */ = {isa = PBXFileReference; lastKnownFileType = folder.assetcatalog; path = Assets.xcassets; sourceTree = "<group>"; };
		4BF3BB4B2018F96000D29ACD /* Base */ = {isa = PBXFileReference; lastKnownFileType = file.storyboard; name = Base; path = Base.lproj/LaunchScreen.storyboard; sourceTree = "<group>"; };
		4BF3BB4D2018F96000D29ACD /* Info.plist */ = {isa = PBXFileReference; lastKnownFileType = text.plist.xml; path = Info.plist; sourceTree = "<group>"; };
		4BF3BB542018F96000D29ACD /* SuperheroAppTests.xctest */ = {isa = PBXFileReference; explicitFileType = wrapper.cfbundle; includeInIndex = 0; path = SuperheroAppTests.xctest; sourceTree = BUILT_PRODUCTS_DIR; };
		4BF3BB582018F96000D29ACD /* SuperheroAppTests.m */ = {isa = PBXFileReference; lastKnownFileType = sourcecode.c.objc; path = SuperheroAppTests.m; sourceTree = "<group>"; };
		4BF3BB5A2018F96000D29ACD /* Info.plist */ = {isa = PBXFileReference; lastKnownFileType = text.plist.xml; path = Info.plist; sourceTree = "<group>"; };
		5A91779401C86451BD998981 /* Pods-SuperheroApp.release.xcconfig */ = {isa = PBXFileReference; includeInIndex = 1; lastKnownFileType = text.xcconfig; name = "Pods-SuperheroApp.release.xcconfig"; path = "Pods/Target Support Files/Pods-SuperheroApp/Pods-SuperheroApp.release.xcconfig"; sourceTree = "<group>"; };
		5DC2E903EF51E215D890CC8A /* Pods-SuperheroAppTests.debug.xcconfig */ = {isa = PBXFileReference; includeInIndex = 1; lastKnownFileType = text.xcconfig; name = "Pods-SuperheroAppTests.debug.xcconfig"; path = "Pods/Target Support Files/Pods-SuperheroAppTests/Pods-SuperheroAppTests.debug.xcconfig"; sourceTree = "<group>"; };
		A19131AA314287FAF159CB6A /* Pods_SuperheroApp.framework */ = {isa = PBXFileReference; explicitFileType = wrapper.framework; includeInIndex = 0; path = Pods_SuperheroApp.framework; sourceTree = BUILT_PRODUCTS_DIR; };
		B4F5CBFF7709BBD386FC17E2 /* Pods-SuperheroApp.debug.xcconfig */ = {isa = PBXFileReference; includeInIndex = 1; lastKnownFileType = text.xcconfig; name = "Pods-SuperheroApp.debug.xcconfig"; path = "Pods/Target Support Files/Pods-SuperheroApp/Pods-SuperheroApp.debug.xcconfig"; sourceTree = "<group>"; };
		BCBCFF907C65363EDD1DA792 /* Pods_SuperheroAppTests.framework */ = {isa = PBXFileReference; explicitFileType = wrapper.framework; includeInIndex = 0; path = Pods_SuperheroAppTests.framework; sourceTree = BUILT_PRODUCTS_DIR; };
		BF03D3B1202F7D8900F8A16D /* README.md */ = {isa = PBXFileReference; fileEncoding = 4; lastKnownFileType = net.daringfireball.markdown; name = README.md; path = ../README.md; sourceTree = "<group>"; };
		BF0BE4A5203627DB00F2FBDD /* .travis.yml */ = {isa = PBXFileReference; fileEncoding = 4; lastKnownFileType = text; name = .travis.yml; path = ../.travis.yml; sourceTree = "<group>"; };
		BF0BE4A82036390500F2FBDD /* CharacterResponse.swift */ = {isa = PBXFileReference; lastKnownFileType = sourcecode.swift; path = CharacterResponse.swift; sourceTree = "<group>"; };
		BF6BC8152034B89B007D6C15 /* Environment.stencil */ = {isa = PBXFileReference; lastKnownFileType = text; path = Environment.stencil; sourceTree = "<group>"; };
		BF6BC8172034BA3F007D6C15 /* Environment.generated.swift */ = {isa = PBXFileReference; fileEncoding = 4; lastKnownFileType = sourcecode.swift; path = Environment.generated.swift; sourceTree = "<group>"; };
		BF6BC81B2034BCCA007D6C15 /* .gitignore */ = {isa = PBXFileReference; lastKnownFileType = text; path = .gitignore; sourceTree = "<group>"; };
		BF6BC81F2034C096007D6C15 /* .swiftlint.yml */ = {isa = PBXFileReference; lastKnownFileType = text; path = .swiftlint.yml; sourceTree = "<group>"; };
		BF6E87CC2030BBFE0056D276 /* SuperheroApp-Bridging-Header.h */ = {isa = PBXFileReference; lastKnownFileType = sourcecode.c.h; path = "SuperheroApp-Bridging-Header.h"; sourceTree = "<group>"; };
		BF6E87CD2030BBFF0056D276 /* AppDelegate.swift */ = {isa = PBXFileReference; lastKnownFileType = sourcecode.swift; path = AppDelegate.swift; sourceTree = "<group>"; };
		BF6E880C2030CEAA0056D276 /* CharactersLocalDataSource.swift */ = {isa = PBXFileReference; lastKnownFileType = sourcecode.swift; path = CharactersLocalDataSource.swift; sourceTree = "<group>"; };
		BF6E88102030DCAF0056D276 /* CharactersRemoteDataSource.swift */ = {isa = PBXFileReference; lastKnownFileType = sourcecode.swift; path = CharactersRemoteDataSource.swift; sourceTree = "<group>"; };
		BF6E88122030DF670056D276 /* String+md5.swift */ = {isa = PBXFileReference; lastKnownFileType = sourcecode.swift; path = "String+md5.swift"; sourceTree = "<group>"; };
		BF6E88232031090E0056D276 /* UseCaseNSOperationQueueScheduler.swift */ = {isa = PBXFileReference; lastKnownFileType = sourcecode.swift; path = UseCaseNSOperationQueueScheduler.swift; sourceTree = "<group>"; };
		BF6E882B2031147B0056D276 /* GetCharacterUseCase.swift */ = {isa = PBXFileReference; lastKnownFileType = sourcecode.swift; path = GetCharacterUseCase.swift; sourceTree = "<group>"; };
		BF8B4EF12027A10D00535D2A /* CharacterModel.xcdatamodel */ = {isa = PBXFileReference; lastKnownFileType = wrapper.xcdatamodel; path = CharacterModel.xcdatamodel; sourceTree = "<group>"; };
		BF8B4EF32027A7E300535D2A /* CoreData.framework */ = {isa = PBXFileReference; lastKnownFileType = wrapper.framework; name = CoreData.framework; path = System/Library/Frameworks/CoreData.framework; sourceTree = SDKROOT; };
		BF8B4EF52027A7EF00535D2A /* Foundation.framework */ = {isa = PBXFileReference; lastKnownFileType = wrapper.framework; name = Foundation.framework; path = System/Library/Frameworks/Foundation.framework; sourceTree = SDKROOT; };
		BF8B4EF72027A81F00535D2A /* UIKit.framework */ = {isa = PBXFileReference; lastKnownFileType = wrapper.framework; name = UIKit.framework; path = System/Library/Frameworks/UIKit.framework; sourceTree = SDKROOT; };
		BFB7FE352032208900157F5A /* CharactersContract.swift */ = {isa = PBXFileReference; lastKnownFileType = sourcecode.swift; path = CharactersContract.swift; sourceTree = "<group>"; };
		BFB7FE37203221E000157F5A /* CharactersPresenter.swift */ = {isa = PBXFileReference; lastKnownFileType = sourcecode.swift; path = CharactersPresenter.swift; sourceTree = "<group>"; };
		BFB7FE39203227B100157F5A /* CharactersViewController.swift */ = {isa = PBXFileReference; lastKnownFileType = sourcecode.swift; path = CharactersViewController.swift; sourceTree = "<group>"; };
		BFB7FE3B20322D2300157F5A /* CharacterDetailContract.swift */ = {isa = PBXFileReference; lastKnownFileType = sourcecode.swift; path = CharacterDetailContract.swift; sourceTree = "<group>"; };
		BFB7FE3D20322E5700157F5A /* CharacterDetailPresenter.swift */ = {isa = PBXFileReference; lastKnownFileType = sourcecode.swift; path = CharacterDetailPresenter.swift; sourceTree = "<group>"; };
		BFB7FE3F203230CC00157F5A /* CharacterDetailViewController.swift */ = {isa = PBXFileReference; lastKnownFileType = sourcecode.swift; path = CharacterDetailViewController.swift; sourceTree = "<group>"; };
		BFE5410720375E7E0035D58A /* Common.framework */ = {isa = PBXFileReference; lastKnownFileType = wrapper.framework; name = Common.framework; path = ../common/build/konan/bin/iphone_sim/Common.framework; sourceTree = "<group>"; };
		DD0AE907199022185B78E530 /* Pods-SuperheroAppTests.release.xcconfig */ = {isa = PBXFileReference; includeInIndex = 1; lastKnownFileType = text.xcconfig; name = "Pods-SuperheroAppTests.release.xcconfig"; path = "Pods/Target Support Files/Pods-SuperheroAppTests/Pods-SuperheroAppTests.release.xcconfig"; sourceTree = "<group>"; };
/* End PBXFileReference section */

/* Begin PBXFrameworksBuildPhase section */
		4BF3BB362018F96000D29ACD /* Frameworks */ = {
			isa = PBXFrameworksBuildPhase;
			buildActionMask = 2147483647;
			files = (
				BF8B4EF82027A81F00535D2A /* UIKit.framework in Frameworks */,
				BF8B4EF62027A7EF00535D2A /* Foundation.framework in Frameworks */,
				BFE5410820375E7E0035D58A /* Common.framework in Frameworks */,
				BFE5410920375E890035D58A /* Common.framework in Frameworks */,
				BF8B4EF42027A7E300535D2A /* CoreData.framework in Frameworks */,
				A586CFC580AF89AF061C6F31 /* Pods_SuperheroApp.framework in Frameworks */,
			);
			runOnlyForDeploymentPostprocessing = 0;
		};
		4BF3BB512018F96000D29ACD /* Frameworks */ = {
			isa = PBXFrameworksBuildPhase;
			buildActionMask = 2147483647;
			files = (
				A6EC39AA02210F6BFA4D5257 /* Pods_SuperheroAppTests.framework in Frameworks */,
			);
			runOnlyForDeploymentPostprocessing = 0;
		};
/* End PBXFrameworksBuildPhase section */

/* Begin PBXGroup section */
		4BF3BB302018F96000D29ACD = {
			isa = PBXGroup;
			children = (
				BF6BC81F2034C096007D6C15 /* .swiftlint.yml */,
				BF6BC81B2034BCCA007D6C15 /* .gitignore */,
				BF03D3B1202F7D8900F8A16D /* README.md */,
				BF0BE4A5203627DB00F2FBDD /* .travis.yml */,
				4BF3BB3B2018F96000D29ACD /* SuperheroApp */,
				4BF3BB572018F96000D29ACD /* SuperheroAppTests */,
				4BF3BB3A2018F96000D29ACD /* Products */,
				F1F37F5D72522DA8B20B2838 /* Pods */,
				E2F349F481FF8C7B8CBDAEE4 /* Frameworks */,
			);
			sourceTree = "<group>";
		};
		4BF3BB3A2018F96000D29ACD /* Products */ = {
			isa = PBXGroup;
			children = (
				4BF3BB392018F96000D29ACD /* SuperheroApp.app */,
				4BF3BB542018F96000D29ACD /* SuperheroAppTests.xctest */,
			);
			name = Products;
			sourceTree = "<group>";
		};
		4BF3BB3B2018F96000D29ACD /* SuperheroApp */ = {
			isa = PBXGroup;
			children = (
				BFB07A58202CEFFF008D7564 /* Utils */,
				BF8B4EDC20278E9A00535D2A /* DataSource */,
				BF8B4ED4202788E600535D2A /* CharacterDetail */,
				BF8B4ED32027889D00535D2A /* Characters */,
				BF6E87CD2030BBFF0056D276 /* AppDelegate.swift */,
				BF6E88232031090E0056D276 /* UseCaseNSOperationQueueScheduler.swift */,
				BF6BC8172034BA3F007D6C15 /* Environment.generated.swift */,
				BF6BC8152034B89B007D6C15 /* Environment.stencil */,
				4BF3BB452018F96000D29ACD /* Main.storyboard */,
				4BF3BB482018F96000D29ACD /* Assets.xcassets */,
				4BF3BB4A2018F96000D29ACD /* LaunchScreen.storyboard */,
				4BF3BB4D2018F96000D29ACD /* Info.plist */,
				BF6E87CC2030BBFE0056D276 /* SuperheroApp-Bridging-Header.h */,
			);
			path = SuperheroApp;
			sourceTree = "<group>";
		};
		4BF3BB572018F96000D29ACD /* SuperheroAppTests */ = {
			isa = PBXGroup;
			children = (
				4BF3BB582018F96000D29ACD /* SuperheroAppTests.m */,
				4BF3BB5A2018F96000D29ACD /* Info.plist */,
			);
			path = SuperheroAppTests;
			sourceTree = "<group>";
		};
		BF0BE4A7203638F300F2FBDD /* Model */ = {
			isa = PBXGroup;
			children = (
				BF0BE4A82036390500F2FBDD /* CharacterResponse.swift */,
			);
			path = Model;
			sourceTree = "<group>";
		};
		BF65F9EE202EF3300096B42C /* UseCase */ = {
			isa = PBXGroup;
			children = (
				BF6E882B2031147B0056D276 /* GetCharacterUseCase.swift */,
			);
			path = UseCase;
			sourceTree = "<group>";
		};
		BF8B4ED32027889D00535D2A /* Characters */ = {
			isa = PBXGroup;
			children = (
				BFB7FE39203227B100157F5A /* CharactersViewController.swift */,
				BFB7FE37203221E000157F5A /* CharactersPresenter.swift */,
				BFB7FE352032208900157F5A /* CharactersContract.swift */,
			);
			path = Characters;
			sourceTree = "<group>";
		};
		BF8B4ED4202788E600535D2A /* CharacterDetail */ = {
			isa = PBXGroup;
			children = (
				BF65F9EE202EF3300096B42C /* UseCase */,
				BFB7FE3F203230CC00157F5A /* CharacterDetailViewController.swift */,
				BFB7FE3D20322E5700157F5A /* CharacterDetailPresenter.swift */,
				BFB7FE3B20322D2300157F5A /* CharacterDetailContract.swift */,
			);
			path = CharacterDetail;
			sourceTree = "<group>";
		};
		BF8B4EDC20278E9A00535D2A /* DataSource */ = {
			isa = PBXGroup;
			children = (
				BF8B4EDF20278EF900535D2A /* Remote */,
				BF8B4EDE20278EF400535D2A /* Local */,
			);
			path = DataSource;
			sourceTree = "<group>";
		};
		BF8B4EDE20278EF400535D2A /* Local */ = {
			isa = PBXGroup;
			children = (
				BF8B4EF02027A10D00535D2A /* CharacterModel.xcdatamodeld */,
				BF6E880C2030CEAA0056D276 /* CharactersLocalDataSource.swift */,
			);
			path = Local;
			sourceTree = "<group>";
		};
		BF8B4EDF20278EF900535D2A /* Remote */ = {
			isa = PBXGroup;
			children = (
				BF0BE4A7203638F300F2FBDD /* Model */,
				BF6E88102030DCAF0056D276 /* CharactersRemoteDataSource.swift */,
			);
			path = Remote;
			sourceTree = "<group>";
		};
		BFB07A58202CEFFF008D7564 /* Utils */ = {
			isa = PBXGroup;
			children = (
				BF6E88122030DF670056D276 /* String+md5.swift */,
			);
			path = Utils;
			sourceTree = "<group>";
		};
		E2F349F481FF8C7B8CBDAEE4 /* Frameworks */ = {
			isa = PBXGroup;
			children = (
				BFE5410720375E7E0035D58A /* Common.framework */,
				BF8B4EF72027A81F00535D2A /* UIKit.framework */,
				BF8B4EF52027A7EF00535D2A /* Foundation.framework */,
				BF8B4EF32027A7E300535D2A /* CoreData.framework */,
				A19131AA314287FAF159CB6A /* Pods_SuperheroApp.framework */,
				BCBCFF907C65363EDD1DA792 /* Pods_SuperheroAppTests.framework */,
			);
			name = Frameworks;
			sourceTree = "<group>";
		};
		F1F37F5D72522DA8B20B2838 /* Pods */ = {
			isa = PBXGroup;
			children = (
				B4F5CBFF7709BBD386FC17E2 /* Pods-SuperheroApp.debug.xcconfig */,
				5A91779401C86451BD998981 /* Pods-SuperheroApp.release.xcconfig */,
				5DC2E903EF51E215D890CC8A /* Pods-SuperheroAppTests.debug.xcconfig */,
				DD0AE907199022185B78E530 /* Pods-SuperheroAppTests.release.xcconfig */,
			);
			name = Pods;
			sourceTree = "<group>";
		};
/* End PBXGroup section */

/* Begin PBXNativeTarget section */
		4BF3BB382018F96000D29ACD /* SuperheroApp */ = {
			isa = PBXNativeTarget;
			buildConfigurationList = 4BF3BB5D2018F96000D29ACD /* Build configuration list for PBXNativeTarget "SuperheroApp" */;
			buildPhases = (
				4AE95A941E32A172B72A9C65 /* [CP] Check Pods Manifest.lock */,
				BF6BC81C2034BE4B007D6C15 /* Swift Lint */,
				BF0BE49F20361DE200F2FBDD /* Compile Kotlin Framework */,
				BF6BC8142034B73C007D6C15 /* Prepare Environment */,
				4BF3BB352018F96000D29ACD /* Sources */,
				4BF3BB362018F96000D29ACD /* Frameworks */,
				4BF3BB372018F96000D29ACD /* Resources */,
				F8084480264CD2D629880B54 /* [CP] Embed Pods Frameworks */,
				4615E28441B301EB2EAE5E68 /* [CP] Copy Pods Resources */,
				BF0BE4A4203625B100F2FBDD /* Embed Frameworks */,
			);
			buildRules = (
			);
			dependencies = (
			);
			name = SuperheroApp;
			productName = SuperheroApp;
			productReference = 4BF3BB392018F96000D29ACD /* SuperheroApp.app */;
			productType = "com.apple.product-type.application";
		};
		4BF3BB532018F96000D29ACD /* SuperheroAppTests */ = {
			isa = PBXNativeTarget;
			buildConfigurationList = 4BF3BB602018F96000D29ACD /* Build configuration list for PBXNativeTarget "SuperheroAppTests" */;
			buildPhases = (
				53C59323BCED4D1599DDFF9A /* [CP] Check Pods Manifest.lock */,
				4BF3BB502018F96000D29ACD /* Sources */,
				4BF3BB512018F96000D29ACD /* Frameworks */,
				4BF3BB522018F96000D29ACD /* Resources */,
				20C0ECCBF89A81F285127066 /* [CP] Embed Pods Frameworks */,
				3DC765973A650EA228C7E187 /* [CP] Copy Pods Resources */,
			);
			buildRules = (
			);
			dependencies = (
				4BF3BB562018F96000D29ACD /* PBXTargetDependency */,
			);
			name = SuperheroAppTests;
			productName = SuperheroAppTests;
			productReference = 4BF3BB542018F96000D29ACD /* SuperheroAppTests.xctest */;
			productType = "com.apple.product-type.bundle.unit-test";
		};
/* End PBXNativeTarget section */

/* Begin PBXProject section */
		4BF3BB312018F96000D29ACD /* Project object */ = {
			isa = PBXProject;
			attributes = {
				LastUpgradeCheck = 0920;
				ORGANIZATIONNAME = W.UP;
				TargetAttributes = {
					4BF3BB382018F96000D29ACD = {
						CreatedOnToolsVersion = 9.2;
						LastSwiftMigration = 0920;
						ProvisioningStyle = Automatic;
					};
					4BF3BB532018F96000D29ACD = {
						CreatedOnToolsVersion = 9.2;
						ProvisioningStyle = Automatic;
						TestTargetID = 4BF3BB382018F96000D29ACD;
					};
				};
			};
			buildConfigurationList = 4BF3BB342018F96000D29ACD /* Build configuration list for PBXProject "SuperheroApp" */;
			compatibilityVersion = "Xcode 8.0";
			developmentRegion = en;
			hasScannedForEncodings = 0;
			knownRegions = (
				en,
				Base,
			);
			mainGroup = 4BF3BB302018F96000D29ACD;
			productRefGroup = 4BF3BB3A2018F96000D29ACD /* Products */;
			projectDirPath = "";
			projectRoot = "";
			targets = (
				4BF3BB382018F96000D29ACD /* SuperheroApp */,
				4BF3BB532018F96000D29ACD /* SuperheroAppTests */,
			);
		};
/* End PBXProject section */

/* Begin PBXResourcesBuildPhase section */
		4BF3BB372018F96000D29ACD /* Resources */ = {
			isa = PBXResourcesBuildPhase;
			buildActionMask = 2147483647;
			files = (
				4BF3BB4C2018F96000D29ACD /* LaunchScreen.storyboard in Resources */,
				4BF3BB492018F96000D29ACD /* Assets.xcassets in Resources */,
				4BF3BB472018F96000D29ACD /* Main.storyboard in Resources */,
			);
			runOnlyForDeploymentPostprocessing = 0;
		};
		4BF3BB522018F96000D29ACD /* Resources */ = {
			isa = PBXResourcesBuildPhase;
			buildActionMask = 2147483647;
			files = (
			);
			runOnlyForDeploymentPostprocessing = 0;
		};
/* End PBXResourcesBuildPhase section */

/* Begin PBXShellScriptBuildPhase section */
		20C0ECCBF89A81F285127066 /* [CP] Embed Pods Frameworks */ = {
			isa = PBXShellScriptBuildPhase;
			buildActionMask = 2147483647;
			files = (
			);
			inputPaths = (
			);
			name = "[CP] Embed Pods Frameworks";
			outputPaths = (
			);
			runOnlyForDeploymentPostprocessing = 0;
			shellPath = /bin/sh;
			shellScript = "\"${SRCROOT}/Pods/Target Support Files/Pods-SuperheroAppTests/Pods-SuperheroAppTests-frameworks.sh\"\n";
			showEnvVarsInLog = 0;
		};
		3DC765973A650EA228C7E187 /* [CP] Copy Pods Resources */ = {
			isa = PBXShellScriptBuildPhase;
			buildActionMask = 2147483647;
			files = (
			);
			inputPaths = (
			);
			name = "[CP] Copy Pods Resources";
			outputPaths = (
			);
			runOnlyForDeploymentPostprocessing = 0;
			shellPath = /bin/sh;
			shellScript = "\"${SRCROOT}/Pods/Target Support Files/Pods-SuperheroAppTests/Pods-SuperheroAppTests-resources.sh\"\n";
			showEnvVarsInLog = 0;
		};
		4615E28441B301EB2EAE5E68 /* [CP] Copy Pods Resources */ = {
			isa = PBXShellScriptBuildPhase;
			buildActionMask = 2147483647;
			files = (
			);
			inputPaths = (
			);
			name = "[CP] Copy Pods Resources";
			outputPaths = (
			);
			runOnlyForDeploymentPostprocessing = 0;
			shellPath = /bin/sh;
			shellScript = "\"${SRCROOT}/Pods/Target Support Files/Pods-SuperheroApp/Pods-SuperheroApp-resources.sh\"\n";
			showEnvVarsInLog = 0;
		};
		4AE95A941E32A172B72A9C65 /* [CP] Check Pods Manifest.lock */ = {
			isa = PBXShellScriptBuildPhase;
			buildActionMask = 2147483647;
			files = (
			);
			inputPaths = (
				"${PODS_PODFILE_DIR_PATH}/Podfile.lock",
				"${PODS_ROOT}/Manifest.lock",
			);
			name = "[CP] Check Pods Manifest.lock";
			outputPaths = (
				"$(DERIVED_FILE_DIR)/Pods-SuperheroApp-checkManifestLockResult.txt",
			);
			runOnlyForDeploymentPostprocessing = 0;
			shellPath = /bin/sh;
			shellScript = "diff \"${PODS_PODFILE_DIR_PATH}/Podfile.lock\" \"${PODS_ROOT}/Manifest.lock\" > /dev/null\nif [ $? != 0 ] ; then\n    # print error to STDERR\n    echo \"error: The sandbox is not in sync with the Podfile.lock. Run 'pod install' or update your CocoaPods installation.\" >&2\n    exit 1\nfi\n# This output is used by Xcode 'outputs' to avoid re-running this script phase.\necho \"SUCCESS\" > \"${SCRIPT_OUTPUT_FILE_0}\"\n";
			showEnvVarsInLog = 0;
		};
		53C59323BCED4D1599DDFF9A /* [CP] Check Pods Manifest.lock */ = {
			isa = PBXShellScriptBuildPhase;
			buildActionMask = 2147483647;
			files = (
			);
			inputPaths = (
				"${PODS_PODFILE_DIR_PATH}/Podfile.lock",
				"${PODS_ROOT}/Manifest.lock",
			);
			name = "[CP] Check Pods Manifest.lock";
			outputPaths = (
				"$(DERIVED_FILE_DIR)/Pods-SuperheroAppTests-checkManifestLockResult.txt",
			);
			runOnlyForDeploymentPostprocessing = 0;
			shellPath = /bin/sh;
			shellScript = "diff \"${PODS_PODFILE_DIR_PATH}/Podfile.lock\" \"${PODS_ROOT}/Manifest.lock\" > /dev/null\nif [ $? != 0 ] ; then\n    # print error to STDERR\n    echo \"error: The sandbox is not in sync with the Podfile.lock. Run 'pod install' or update your CocoaPods installation.\" >&2\n    exit 1\nfi\n# This output is used by Xcode 'outputs' to avoid re-running this script phase.\necho \"SUCCESS\" > \"${SCRIPT_OUTPUT_FILE_0}\"\n";
			showEnvVarsInLog = 0;
		};
		BF0BE49F20361DE200F2FBDD /* Compile Kotlin Framework */ = {
			isa = PBXShellScriptBuildPhase;
			buildActionMask = 2147483647;
			files = (
			);
			inputPaths = (
			);
			name = "Compile Kotlin Framework";
			outputPaths = (
			);
			runOnlyForDeploymentPostprocessing = 0;
			shellPath = /bin/sh;
			shellScript = "case \"$PLATFORM_NAME\" in\n    iphoneos)\n        TARGET=iphone\n        TASK=compileKonanCommonIphone\n        ;;\n    iphonesimulator)\n        TARGET=iphone_sim\n        TASK=compileKonanCommonIphone_sim\n        ;;\n    *)\n        echo \"Unknown platform: $PLATFORM_NAME\"\n        exit 1\n        ;;\nesac\n\nrm -rf \"$SRCROOT/../common/build/konan/\"\nmkdir -p \"$SRCROOT/../common/build/konan/bin/\"\nln -s \"$TARGET\" \"$SRCROOT/../common/build/konan/bin/xcode\"\n\nif [ \"$CONFIGURATION\" == \"Debug\" ]; then\n    ENABLE_DEBUG=true\nelse\n    ENABLE_DEBUG=false\nfi\n\n\"$SRCROOT/../gradlew\" -p \"$SRCROOT/../common\" \"$TASK\" -PenableDebug=$ENABLE_DEBUG";
			showEnvVarsInLog = 0;
		};
		BF6BC8142034B73C007D6C15 /* Prepare Environment */ = {
			isa = PBXShellScriptBuildPhase;
			buildActionMask = 2147483647;
			files = (
			);
			inputPaths = (
			);
			name = "Prepare Environment";
			outputPaths = (
			);
			runOnlyForDeploymentPostprocessing = 0;
			shellPath = /bin/bash;
			shellScript = "#check if env-vars.sh exists\necho \"${SRCROOT}/env-vars.sh\"\n\nif [ -f ${SRCROOT}/env-vars.sh ]\nthen\necho \"I am here\"\nsource ${SRCROOT}/env-vars.sh\nfi\n\n#no `else` case needed if the CI works as expected\n${SRCROOT}/Pods/Sourcery/bin/sourcery --templates ${SRCROOT}/SuperheroApp --sources ${SRCROOT} --output ${SRCROOT}/SuperheroApp --args publicApiKey=$MARVEL_PUBLIC_API_KEY,privateApiKey=$MARVEL_PRIVATE_API_KEY";
			showEnvVarsInLog = 0;
		};
		BF6BC81C2034BE4B007D6C15 /* Swift Lint */ = {
			isa = PBXShellScriptBuildPhase;
			buildActionMask = 2147483647;
			files = (
			);
			inputPaths = (
			);
			name = "Swift Lint";
			outputPaths = (
			);
			runOnlyForDeploymentPostprocessing = 0;
			shellPath = /bin/sh;
			shellScript = "pwd\n${SRCROOT}/Pods/SwiftLint/swiftlint";
		};
		F8084480264CD2D629880B54 /* [CP] Embed Pods Frameworks */ = {
			isa = PBXShellScriptBuildPhase;
			buildActionMask = 2147483647;
			files = (
			);
			inputPaths = (
				"${SRCROOT}/Pods/Target Support Files/Pods-SuperheroApp/Pods-SuperheroApp-frameworks.sh",
				"${BUILT_PRODUCTS_DIR}/Alamofire/Alamofire.framework",
				"${BUILT_PRODUCTS_DIR}/AlamofireActivityLogger/AlamofireActivityLogger.framework",
				"${BUILT_PRODUCTS_DIR}/AlamofireImage/AlamofireImage.framework",
				"${BUILT_PRODUCTS_DIR}/CodableAlamofire/CodableAlamofire.framework",
				"${BUILT_PRODUCTS_DIR}/Dip/Dip.framework",
				"${BUILT_PRODUCTS_DIR}/Dip-UI/Dip_UI.framework",
			);
			name = "[CP] Embed Pods Frameworks";
			outputPaths = (
				"${TARGET_BUILD_DIR}/${FRAMEWORKS_FOLDER_PATH}/Alamofire.framework",
				"${TARGET_BUILD_DIR}/${FRAMEWORKS_FOLDER_PATH}/AlamofireActivityLogger.framework",
				"${TARGET_BUILD_DIR}/${FRAMEWORKS_FOLDER_PATH}/AlamofireImage.framework",
				"${TARGET_BUILD_DIR}/${FRAMEWORKS_FOLDER_PATH}/CodableAlamofire.framework",
				"${TARGET_BUILD_DIR}/${FRAMEWORKS_FOLDER_PATH}/Dip.framework",
				"${TARGET_BUILD_DIR}/${FRAMEWORKS_FOLDER_PATH}/Dip_UI.framework",
			);
			runOnlyForDeploymentPostprocessing = 0;
			shellPath = /bin/sh;
			shellScript = "\"${SRCROOT}/Pods/Target Support Files/Pods-SuperheroApp/Pods-SuperheroApp-frameworks.sh\"\n";
			showEnvVarsInLog = 0;
		};
/* End PBXShellScriptBuildPhase section */

/* Begin PBXSourcesBuildPhase section */
		4BF3BB352018F96000D29ACD /* Sources */ = {
			isa = PBXSourcesBuildPhase;
			buildActionMask = 2147483647;
			files = (
				BF6E88242031090E0056D276 /* UseCaseNSOperationQueueScheduler.swift in Sources */,
				BFB7FE3E20322E5700157F5A /* CharacterDetailPresenter.swift in Sources */,
				BFB7FE362032208900157F5A /* CharactersContract.swift in Sources */,
				BF6E880D2030CEAA0056D276 /* CharactersLocalDataSource.swift in Sources */,
				BF6E87CE2030BBFF0056D276 /* AppDelegate.swift in Sources */,
				BF6E88132030DF670056D276 /* String+md5.swift in Sources */,
				BFB7FE3A203227B100157F5A /* CharactersViewController.swift in Sources */,
				BF6E88112030DCAF0056D276 /* CharactersRemoteDataSource.swift in Sources */,
				BF6BC8182034BA3F007D6C15 /* Environment.generated.swift in Sources */,
				BF8B4EF22027A10D00535D2A /* CharacterModel.xcdatamodeld in Sources */,
				BFB7FE38203221E000157F5A /* CharactersPresenter.swift in Sources */,
				BFB7FE40203230CC00157F5A /* CharacterDetailViewController.swift in Sources */,
				BFB7FE3C20322D2300157F5A /* CharacterDetailContract.swift in Sources */,
				BF6E882C2031147B0056D276 /* GetCharacterUseCase.swift in Sources */,
				BF0BE4A92036390500F2FBDD /* CharacterResponse.swift in Sources */,
			);
			runOnlyForDeploymentPostprocessing = 0;
		};
		4BF3BB502018F96000D29ACD /* Sources */ = {
			isa = PBXSourcesBuildPhase;
			buildActionMask = 2147483647;
			files = (
				4BF3BB592018F96000D29ACD /* SuperheroAppTests.m in Sources */,
			);
			runOnlyForDeploymentPostprocessing = 0;
		};
/* End PBXSourcesBuildPhase section */

/* Begin PBXTargetDependency section */
		4BF3BB562018F96000D29ACD /* PBXTargetDependency */ = {
			isa = PBXTargetDependency;
			target = 4BF3BB382018F96000D29ACD /* SuperheroApp */;
			targetProxy = 4BF3BB552018F96000D29ACD /* PBXContainerItemProxy */;
		};
/* End PBXTargetDependency section */

/* Begin PBXVariantGroup section */
		4BF3BB452018F96000D29ACD /* Main.storyboard */ = {
			isa = PBXVariantGroup;
			children = (
				4BF3BB462018F96000D29ACD /* Base */,
			);
			name = Main.storyboard;
			sourceTree = "<group>";
		};
		4BF3BB4A2018F96000D29ACD /* LaunchScreen.storyboard */ = {
			isa = PBXVariantGroup;
			children = (
				4BF3BB4B2018F96000D29ACD /* Base */,
			);
			name = LaunchScreen.storyboard;
			sourceTree = "<group>";
		};
/* End PBXVariantGroup section */

/* Begin XCBuildConfiguration section */
		4BF3BB5B2018F96000D29ACD /* Debug */ = {
			isa = XCBuildConfiguration;
			buildSettings = {
				ALWAYS_EMBED_SWIFT_STANDARD_LIBRARIES = NO;
				ALWAYS_SEARCH_USER_PATHS = NO;
				CLANG_ANALYZER_NONNULL = YES;
				CLANG_ANALYZER_NUMBER_OBJECT_CONVERSION = YES_AGGRESSIVE;
				CLANG_CXX_LANGUAGE_STANDARD = "gnu++14";
				CLANG_CXX_LIBRARY = "libc++";
				CLANG_ENABLE_MODULES = YES;
				CLANG_ENABLE_OBJC_ARC = YES;
				CLANG_WARN_BLOCK_CAPTURE_AUTORELEASING = YES;
				CLANG_WARN_BOOL_CONVERSION = YES;
				CLANG_WARN_COMMA = YES;
				CLANG_WARN_CONSTANT_CONVERSION = YES;
				CLANG_WARN_DIRECT_OBJC_ISA_USAGE = YES_ERROR;
				CLANG_WARN_DOCUMENTATION_COMMENTS = YES;
				CLANG_WARN_EMPTY_BODY = YES;
				CLANG_WARN_ENUM_CONVERSION = YES;
				CLANG_WARN_INFINITE_RECURSION = YES;
				CLANG_WARN_INT_CONVERSION = YES;
				CLANG_WARN_NON_LITERAL_NULL_CONVERSION = YES;
				CLANG_WARN_OBJC_LITERAL_CONVERSION = YES;
				CLANG_WARN_OBJC_ROOT_CLASS = YES_ERROR;
				CLANG_WARN_RANGE_LOOP_ANALYSIS = YES;
				CLANG_WARN_STRICT_PROTOTYPES = YES;
				CLANG_WARN_SUSPICIOUS_MOVE = YES;
				CLANG_WARN_UNGUARDED_AVAILABILITY = YES_AGGRESSIVE;
				CLANG_WARN_UNREACHABLE_CODE = YES;
				CLANG_WARN__DUPLICATE_METHOD_MATCH = YES;
				CODE_SIGN_IDENTITY = "iPhone Developer";
				COPY_PHASE_STRIP = NO;
				DEBUG_INFORMATION_FORMAT = dwarf;
				ENABLE_STRICT_OBJC_MSGSEND = YES;
				ENABLE_TESTABILITY = YES;
				GCC_C_LANGUAGE_STANDARD = gnu11;
				GCC_DYNAMIC_NO_PIC = NO;
				GCC_NO_COMMON_BLOCKS = YES;
				GCC_OPTIMIZATION_LEVEL = 0;
				GCC_PREPROCESSOR_DEFINITIONS = (
					"DEBUG=1",
					"$(inherited)",
				);
				GCC_WARN_64_TO_32_BIT_CONVERSION = YES;
				GCC_WARN_ABOUT_RETURN_TYPE = YES_ERROR;
				GCC_WARN_UNDECLARED_SELECTOR = YES;
				GCC_WARN_UNINITIALIZED_AUTOS = YES_AGGRESSIVE;
				GCC_WARN_UNUSED_FUNCTION = YES;
				GCC_WARN_UNUSED_VARIABLE = YES;
				INFOPLIST_PREFIX_HEADER = "";
				INFOPLIST_PREPROCESS = NO;
				IPHONEOS_DEPLOYMENT_TARGET = 11.2;
				MTL_ENABLE_DEBUG_INFO = YES;
				ONLY_ACTIVE_ARCH = YES;
				SDKROOT = iphoneos;
				SWIFT_VERSION = 4.0;
			};
			name = Debug;
		};
		4BF3BB5C2018F96000D29ACD /* Release */ = {
			isa = XCBuildConfiguration;
			buildSettings = {
				ALWAYS_EMBED_SWIFT_STANDARD_LIBRARIES = NO;
				ALWAYS_SEARCH_USER_PATHS = NO;
				CLANG_ANALYZER_NONNULL = YES;
				CLANG_ANALYZER_NUMBER_OBJECT_CONVERSION = YES_AGGRESSIVE;
				CLANG_CXX_LANGUAGE_STANDARD = "gnu++14";
				CLANG_CXX_LIBRARY = "libc++";
				CLANG_ENABLE_MODULES = YES;
				CLANG_ENABLE_OBJC_ARC = YES;
				CLANG_WARN_BLOCK_CAPTURE_AUTORELEASING = YES;
				CLANG_WARN_BOOL_CONVERSION = YES;
				CLANG_WARN_COMMA = YES;
				CLANG_WARN_CONSTANT_CONVERSION = YES;
				CLANG_WARN_DIRECT_OBJC_ISA_USAGE = YES_ERROR;
				CLANG_WARN_DOCUMENTATION_COMMENTS = YES;
				CLANG_WARN_EMPTY_BODY = YES;
				CLANG_WARN_ENUM_CONVERSION = YES;
				CLANG_WARN_INFINITE_RECURSION = YES;
				CLANG_WARN_INT_CONVERSION = YES;
				CLANG_WARN_NON_LITERAL_NULL_CONVERSION = YES;
				CLANG_WARN_OBJC_LITERAL_CONVERSION = YES;
				CLANG_WARN_OBJC_ROOT_CLASS = YES_ERROR;
				CLANG_WARN_RANGE_LOOP_ANALYSIS = YES;
				CLANG_WARN_STRICT_PROTOTYPES = YES;
				CLANG_WARN_SUSPICIOUS_MOVE = YES;
				CLANG_WARN_UNGUARDED_AVAILABILITY = YES_AGGRESSIVE;
				CLANG_WARN_UNREACHABLE_CODE = YES;
				CLANG_WARN__DUPLICATE_METHOD_MATCH = YES;
				CODE_SIGN_IDENTITY = "iPhone Developer";
				COPY_PHASE_STRIP = NO;
				DEBUG_INFORMATION_FORMAT = "dwarf-with-dsym";
				ENABLE_NS_ASSERTIONS = NO;
				ENABLE_STRICT_OBJC_MSGSEND = YES;
				GCC_C_LANGUAGE_STANDARD = gnu11;
				GCC_NO_COMMON_BLOCKS = YES;
				GCC_WARN_64_TO_32_BIT_CONVERSION = YES;
				GCC_WARN_ABOUT_RETURN_TYPE = YES_ERROR;
				GCC_WARN_UNDECLARED_SELECTOR = YES;
				GCC_WARN_UNINITIALIZED_AUTOS = YES_AGGRESSIVE;
				GCC_WARN_UNUSED_FUNCTION = YES;
				GCC_WARN_UNUSED_VARIABLE = YES;
				INFOPLIST_PREFIX_HEADER = "";
				INFOPLIST_PREPROCESS = NO;
				IPHONEOS_DEPLOYMENT_TARGET = 11.2;
				MTL_ENABLE_DEBUG_INFO = NO;
				SDKROOT = iphoneos;
				SWIFT_VERSION = 4.0;
				VALIDATE_PRODUCT = YES;
			};
			name = Release;
		};
		4BF3BB5E2018F96000D29ACD /* Debug */ = {
			isa = XCBuildConfiguration;
			baseConfigurationReference = B4F5CBFF7709BBD386FC17E2 /* Pods-SuperheroApp.debug.xcconfig */;
			buildSettings = {
				ASSETCATALOG_COMPILER_APPICON_NAME = AppIcon;
				CLANG_ENABLE_MODULES = YES;
				CODE_SIGN_STYLE = Automatic;
				DEVELOPMENT_TEAM = P79WKA4KXJ;
				FRAMEWORK_SEARCH_PATHS = (
					"$(inherited)",
					"$(PROJECT_DIR)/../common/build/konan/**",
				);
				INFOPLIST_FILE = SuperheroApp/Info.plist;
				LD_RUNPATH_SEARCH_PATHS = "$(inherited) @executable_path/Frameworks";
				PRODUCT_BUNDLE_IDENTIFIER = digital.wup.SuperheroApp;
				PRODUCT_NAME = "$(TARGET_NAME)";
				SWIFT_OBJC_BRIDGING_HEADER = "SuperheroApp/SuperheroApp-Bridging-Header.h";
				SWIFT_OPTIMIZATION_LEVEL = "-Onone";
				SWIFT_VERSION = 4.0;
				TARGETED_DEVICE_FAMILY = "1,2";
			};
			name = Debug;
		};
		4BF3BB5F2018F96000D29ACD /* Release */ = {
			isa = XCBuildConfiguration;
			baseConfigurationReference = 5A91779401C86451BD998981 /* Pods-SuperheroApp.release.xcconfig */;
			buildSettings = {
				ASSETCATALOG_COMPILER_APPICON_NAME = AppIcon;
				CLANG_ENABLE_MODULES = YES;
				CODE_SIGN_STYLE = Automatic;
				DEVELOPMENT_TEAM = P79WKA4KXJ;
				FRAMEWORK_SEARCH_PATHS = (
					"$(inherited)",
					"$(PROJECT_DIR)/../common/build/konan/**",
				);
				INFOPLIST_FILE = SuperheroApp/Info.plist;
				LD_RUNPATH_SEARCH_PATHS = "$(inherited) @executable_path/Frameworks";
				PRODUCT_BUNDLE_IDENTIFIER = digital.wup.SuperheroApp;
				PRODUCT_NAME = "$(TARGET_NAME)";
				SWIFT_OBJC_BRIDGING_HEADER = "SuperheroApp/SuperheroApp-Bridging-Header.h";
				SWIFT_VERSION = 4.0;
				TARGETED_DEVICE_FAMILY = "1,2";
			};
			name = Release;
		};
		4BF3BB612018F96000D29ACD /* Debug */ = {
			isa = XCBuildConfiguration;
			baseConfigurationReference = 5DC2E903EF51E215D890CC8A /* Pods-SuperheroAppTests.debug.xcconfig */;
			buildSettings = {
				ALWAYS_EMBED_SWIFT_STANDARD_LIBRARIES = YES;
				BUNDLE_LOADER = "$(TEST_HOST)";
				CODE_SIGN_STYLE = Automatic;
				DEVELOPMENT_TEAM = P79WKA4KXJ;
				INFOPLIST_FILE = SuperheroAppTests/Info.plist;
				LD_RUNPATH_SEARCH_PATHS = "$(inherited) @executable_path/Frameworks @loader_path/Frameworks";
				PRODUCT_BUNDLE_IDENTIFIER = digital.wup.SuperheroAppTests;
				PRODUCT_NAME = "$(TARGET_NAME)";
				TARGETED_DEVICE_FAMILY = "1,2";
				TEST_HOST = "$(BUILT_PRODUCTS_DIR)/SuperheroApp.app/SuperheroApp";
			};
			name = Debug;
		};
		4BF3BB622018F96000D29ACD /* Release */ = {
			isa = XCBuildConfiguration;
			baseConfigurationReference = DD0AE907199022185B78E530 /* Pods-SuperheroAppTests.release.xcconfig */;
			buildSettings = {
				ALWAYS_EMBED_SWIFT_STANDARD_LIBRARIES = YES;
				BUNDLE_LOADER = "$(TEST_HOST)";
				CODE_SIGN_STYLE = Automatic;
				DEVELOPMENT_TEAM = P79WKA4KXJ;
				INFOPLIST_FILE = SuperheroAppTests/Info.plist;
				LD_RUNPATH_SEARCH_PATHS = "$(inherited) @executable_path/Frameworks @loader_path/Frameworks";
				PRODUCT_BUNDLE_IDENTIFIER = digital.wup.SuperheroAppTests;
				PRODUCT_NAME = "$(TARGET_NAME)";
				TARGETED_DEVICE_FAMILY = "1,2";
				TEST_HOST = "$(BUILT_PRODUCTS_DIR)/SuperheroApp.app/SuperheroApp";
			};
			name = Release;
		};
/* End XCBuildConfiguration section */

/* Begin XCConfigurationList section */
		4BF3BB342018F96000D29ACD /* Build configuration list for PBXProject "SuperheroApp" */ = {
			isa = XCConfigurationList;
			buildConfigurations = (
				4BF3BB5B2018F96000D29ACD /* Debug */,
				4BF3BB5C2018F96000D29ACD /* Release */,
			);
			defaultConfigurationIsVisible = 0;
			defaultConfigurationName = Release;
		};
		4BF3BB5D2018F96000D29ACD /* Build configuration list for PBXNativeTarget "SuperheroApp" */ = {
			isa = XCConfigurationList;
			buildConfigurations = (
				4BF3BB5E2018F96000D29ACD /* Debug */,
				4BF3BB5F2018F96000D29ACD /* Release */,
			);
			defaultConfigurationIsVisible = 0;
			defaultConfigurationName = Release;
		};
		4BF3BB602018F96000D29ACD /* Build configuration list for PBXNativeTarget "SuperheroAppTests" */ = {
			isa = XCConfigurationList;
			buildConfigurations = (
				4BF3BB612018F96000D29ACD /* Debug */,
				4BF3BB622018F96000D29ACD /* Release */,
			);
			defaultConfigurationIsVisible = 0;
			defaultConfigurationName = Release;
		};
/* End XCConfigurationList section */

/* Begin XCVersionGroup section */
		BF8B4EF02027A10D00535D2A /* CharacterModel.xcdatamodeld */ = {
			isa = XCVersionGroup;
			children = (
				BF8B4EF12027A10D00535D2A /* CharacterModel.xcdatamodel */,
			);
			currentVersion = BF8B4EF12027A10D00535D2A /* CharacterModel.xcdatamodel */;
			path = CharacterModel.xcdatamodeld;
			sourceTree = "<group>";
			versionGroupType = wrapper.xcdatamodel;
		};
/* End XCVersionGroup section */
	};
	rootObject = 4BF3BB312018F96000D29ACD /* Project object */;
}
